<?xml version="1.0" encoding="UTF-8" standalone="yes" ?>
<CodeBlocks_project_file>
	<FileVersion major="1" minor="6" />
	<Project>
		<Option title="libhal" />
		<Option pch_mode="2" />
		<Option compiler="arm-elf-gcc" />
		<Build>
			<Target title="libhal-f103xb-8m">
				<Option output="system/lib/${TARGET_NAME}.a" prefix_auto="0" extension_auto="0" />
				<Option working_dir="" />
				<Option object_output="_build/lib/${TARGET_NAME}" />
				<Option type="2" />
				<Option compiler="arm-elf-gcc" />
				<Compiler>
					<Add option="-mcpu=cortex-m3" />
					<Add option="-msoft-float" />
					<Add option="-mfix-cortex-m3-ldrd" />
					<Add option="-DSTM32F103xB" />
					<Add option="-DHSE_VALUE=8000000U" />
					<Add directory="system/CMSIS/STM32F1xx/Include" />
					<Add directory="system/HALMX/STM32F1xx_HAL_Driver/Inc" />
				</Compiler>
			</Target>
			<Target title="libhal-f401xe-8m">
				<Option output="system/lib/${TARGET_NAME}.a" prefix_auto="0" extension_auto="0" />
				<Option working_dir="" />
				<Option object_output="_build/lib/${TARGET_NAME}" />
				<Option type="2" />
				<Option compiler="arm-elf-gcc" />
				<Compiler>
					<Add option="-mcpu=cortex-m4" />
					<Add option="-mfloat-abi=hard" />
					<Add option="-mfpu=fpv4-sp-d16" />
					<Add option="-DSTM32F401xE" />
					<Add option="-DHSE_VALUE=8000000U" />
					<Add directory="system/CMSIS/STM32F4xx/Include" />
					<Add directory="system/HALMX/STM32F4xx_HAL_Driver/Inc" />
				</Compiler>
			</Target>
			<Target title="libhal-l476xx-8m">
				<Option output="system/lib/${TARGET_NAME}.a" prefix_auto="0" extension_auto="0" />
				<Option working_dir="" />
				<Option object_output="_build/lib/${TARGET_NAME}" />
				<Option type="2" />
				<Option compiler="arm-elf-gcc" />
				<Compiler>
					<Add option="-mcpu=cortex-m4" />
					<Add option="-mfloat-abi=hard" />
					<Add option="-mfpu=fpv4-sp-d16" />
					<Add option="-DSTM32L476xx" />
					<Add option="-DHSE_VALUE=8000000U" />
					<Add directory="system/CMSIS/STM32L4xx/Include" />
					<Add directory="system/HALMX/STM32L4xx_HAL_Driver/Inc" />
				</Compiler>
			</Target>
			<Target title="libhal-f411xe-8m">
				<Option output="system/lib/${TARGET_NAME}.a" prefix_auto="0" extension_auto="0" />
				<Option working_dir="" />
				<Option object_output="_build/lib/${TARGET_NAME}" />
				<Option type="2" />
				<Option compiler="arm-elf-gcc" />
				<Compiler>
					<Add option="-mcpu=cortex-m4" />
					<Add option="-mfloat-abi=hard" />
					<Add option="-mfpu=fpv4-sp-d16" />
					<Add option="-DSTM32F411xE" />
					<Add option="-DHSE_VALUE=8000000U" />
					<Add directory="system/CMSIS/STM32F4xx/Include" />
					<Add directory="system/HALMX/STM32F4xx_HAL_Driver/Inc" />
				</Compiler>
			</Target>
		</Build>
		<VirtualTargets>
			<Add alias="ALL" targets="libhal-f103xb-8m;libhal-f401xe-8m;libhal-l476xx-8m;libhal-f411xe-8m;" />
		</VirtualTargets>
		<Compiler>
			<Add option="-mthumb" />
			<Add option="-Wshadow" />
			<Add option="-Wredundant-decls" />
			<Add option="-Wundef" />
			<Add option="-Wextra" />
			<Add option="-Wall" />
			<Add option="-Og" />
			<Add option="-ggdb" />
			<Add option="-std=gnu11" />
			<Add option="-nostdlib" />
			<Add option="-fno-common" />
			<Add option="-ffunction-sections" />
			<Add option="-fdata-sections" />
			<Add option="-fno-rtti" />
			<Add option="-fno-exceptions" />
			<Add option="-pipe" />
			<Add option="-DUSE_HAL_DRIVER" />
			<Add directory="system/CMSIS/Include" />
			<Add directory="system/include" />
		</Compiler>
		<Linker>
			<Add option="-Wl,-Map=$(TARGET_OUTPUT_DIR)$(TARGET_OUTPUT_BASENAME).map,--cref" />
			<Add option="-Wl,--gc-sections" />
			<Add option="-mthumb" />
			<Add option="-nostartfiles" />
			<Add option="--specs=nano.specs" />
			<Add option="-Wl,--no-check-sections" />
			<Add option="-Wl,-static" />
		</Linker>
		<Unit filename="system/CMSIS/Include/arm_common_tables.h" />
		<Unit filename="system/CMSIS/Include/arm_const_structs.h" />
		<Unit filename="system/CMSIS/Include/arm_math.h" />
		<Unit filename="system/CMSIS/Include/cmsis_armcc.h" />
		<Unit filename="system/CMSIS/Include/cmsis_armcc_V6.h" />
		<Unit filename="system/CMSIS/Include/cmsis_gcc.h" />
		<Unit filename="system/CMSIS/Include/core_cm0.h" />
		<Unit filename="system/CMSIS/Include/core_cm0plus.h" />
		<Unit filename="system/CMSIS/Include/core_cm3.h" />
		<Unit filename="system/CMSIS/Include/core_cm4.h" />
		<Unit filename="system/CMSIS/Include/core_cm7.h" />
		<Unit filename="system/CMSIS/Include/core_cmFunc.h" />
		<Unit filename="system/CMSIS/Include/core_cmInstr.h" />
		<Unit filename="system/CMSIS/Include/core_cmSimd.h" />
		<Unit filename="system/CMSIS/Include/core_sc000.h" />
		<Unit filename="system/CMSIS/Include/core_sc300.h" />
		<Unit filename="system/CMSIS/STM32F1xx/Include/stm32f100xb.h">
			<Option target="libhal-f103xb-8m" />
		</Unit>
		<Unit filename="system/CMSIS/STM32F1xx/Include/stm32f100xe.h">
			<Option target="libhal-f103xb-8m" />
		</Unit>
		<Unit filename="system/CMSIS/STM32F1xx/Include/stm32f101x6.h">
			<Option target="libhal-f103xb-8m" />
		</Unit>
		<Unit filename="system/CMSIS/STM32F1xx/Include/stm32f101xb.h">
			<Option target="libhal-f103xb-8m" />
		</Unit>
		<Unit filename="system/CMSIS/STM32F1xx/Include/stm32f101xe.h">
			<Option target="libhal-f103xb-8m" />
		</Unit>
		<Unit filename="system/CMSIS/STM32F1xx/Include/stm32f101xg.h">
			<Option target="libhal-f103xb-8m" />
		</Unit>
		<Unit filename="system/CMSIS/STM32F1xx/Include/stm32f102x6.h">
			<Option target="libhal-f103xb-8m" />
		</Unit>
		<Unit filename="system/CMSIS/STM32F1xx/Include/stm32f102xb.h">
			<Option target="libhal-f103xb-8m" />
		</Unit>
		<Unit filename="system/CMSIS/STM32F1xx/Include/stm32f103x6.h">
			<Option target="libhal-f103xb-8m" />
		</Unit>
		<Unit filename="system/CMSIS/STM32F1xx/Include/stm32f103xb.h">
			<Option target="libhal-f103xb-8m" />
		</Unit>
		<Unit filename="system/CMSIS/STM32F1xx/Include/stm32f103xe.h">
			<Option target="libhal-f103xb-8m" />
		</Unit>
		<Unit filename="system/CMSIS/STM32F1xx/Include/stm32f103xg.h">
			<Option target="libhal-f103xb-8m" />
		</Unit>
		<Unit filename="system/CMSIS/STM32F1xx/Include/stm32f105xc.h">
			<Option target="libhal-f103xb-8m" />
		</Unit>
		<Unit filename="system/CMSIS/STM32F1xx/Include/stm32f107xc.h">
			<Option target="libhal-f103xb-8m" />
		</Unit>
		<Unit filename="system/CMSIS/STM32F1xx/Include/stm32f1xx.h">
			<Option target="libhal-f103xb-8m" />
		</Unit>
		<Unit filename="system/CMSIS/STM32F1xx/Include/system_stm32f1xx.h">
			<Option target="libhal-f103xb-8m" />
		</Unit>
		<Unit filename="system/CMSIS/STM32F4xx/Include/stm32f401xc.h">
			<Option target="libhal-f401xe-8m" />
			<Option target="libhal-f411xe-8m" />
		</Unit>
		<Unit filename="system/CMSIS/STM32F4xx/Include/stm32f401xe.h">
			<Option target="libhal-f401xe-8m" />
			<Option target="libhal-f411xe-8m" />
		</Unit>
		<Unit filename="system/CMSIS/STM32F4xx/Include/stm32f405xx.h">
			<Option target="libhal-f401xe-8m" />
			<Option target="libhal-f411xe-8m" />
		</Unit>
		<Unit filename="system/CMSIS/STM32F4xx/Include/stm32f407xx.h">
			<Option target="libhal-f401xe-8m" />
			<Option target="libhal-f411xe-8m" />
		</Unit>
		<Unit filename="system/CMSIS/STM32F4xx/Include/stm32f410cx.h">
			<Option target="libhal-f401xe-8m" />
			<Option target="libhal-f411xe-8m" />
		</Unit>
		<Unit filename="system/CMSIS/STM32F4xx/Include/stm32f410rx.h">
			<Option target="libhal-f401xe-8m" />
			<Option target="libhal-f411xe-8m" />
		</Unit>
		<Unit filename="system/CMSIS/STM32F4xx/Include/stm32f410tx.h">
			<Option target="libhal-f401xe-8m" />
			<Option target="libhal-f411xe-8m" />
		</Unit>
		<Unit filename="system/CMSIS/STM32F4xx/Include/stm32f411xe.h">
			<Option target="libhal-f401xe-8m" />
			<Option target="libhal-f411xe-8m" />
		</Unit>
		<Unit filename="system/CMSIS/STM32F4xx/Include/stm32f412cx.h">
			<Option target="libhal-f401xe-8m" />
			<Option target="libhal-f411xe-8m" />
		</Unit>
		<Unit filename="system/CMSIS/STM32F4xx/Include/stm32f412rx.h">
			<Option target="libhal-f401xe-8m" />
			<Option target="libhal-f411xe-8m" />
		</Unit>
		<Unit filename="system/CMSIS/STM32F4xx/Include/stm32f412vx.h">
			<Option target="libhal-f401xe-8m" />
			<Option target="libhal-f411xe-8m" />
		</Unit>
		<Unit filename="system/CMSIS/STM32F4xx/Include/stm32f412zx.h">
			<Option target="libhal-f401xe-8m" />
			<Option target="libhal-f411xe-8m" />
		</Unit>
		<Unit filename="system/CMSIS/STM32F4xx/Include/stm32f415xx.h">
			<Option target="libhal-f401xe-8m" />
			<Option target="libhal-f411xe-8m" />
		</Unit>
		<Unit filename="system/CMSIS/STM32F4xx/Include/stm32f417xx.h">
			<Option target="libhal-f401xe-8m" />
			<Option target="libhal-f411xe-8m" />
		</Unit>
		<Unit filename="system/CMSIS/STM32F4xx/Include/stm32f427xx.h">
			<Option target="libhal-f401xe-8m" />
			<Option target="libhal-f411xe-8m" />
		</Unit>
		<Unit filename="system/CMSIS/STM32F4xx/Include/stm32f429xx.h">
			<Option target="libhal-f401xe-8m" />
			<Option target="libhal-f411xe-8m" />
		</Unit>
		<Unit filename="system/CMSIS/STM32F4xx/Include/stm32f437xx.h">
			<Option target="libhal-f401xe-8m" />
			<Option target="libhal-f411xe-8m" />
		</Unit>
		<Unit filename="system/CMSIS/STM32F4xx/Include/stm32f439xx.h">
			<Option target="libhal-f401xe-8m" />
			<Option target="libhal-f411xe-8m" />
		</Unit>
		<Unit filename="system/CMSIS/STM32F4xx/Include/stm32f446xx.h">
			<Option target="libhal-f401xe-8m" />
			<Option target="libhal-f411xe-8m" />
		</Unit>
		<Unit filename="system/CMSIS/STM32F4xx/Include/stm32f469xx.h">
			<Option target="libhal-f401xe-8m" />
			<Option target="libhal-f411xe-8m" />
		</Unit>
		<Unit filename="system/CMSIS/STM32F4xx/Include/stm32f479xx.h">
			<Option target="libhal-f401xe-8m" />
			<Option target="libhal-f411xe-8m" />
		</Unit>
		<Unit filename="system/CMSIS/STM32F4xx/Include/stm32f4xx.h">
			<Option target="libhal-f401xe-8m" />
			<Option target="libhal-f411xe-8m" />
		</Unit>
		<Unit filename="system/CMSIS/STM32F4xx/Include/system_stm32f4xx.h">
			<Option target="libhal-f401xe-8m" />
			<Option target="libhal-f411xe-8m" />
		</Unit>
		<Unit filename="system/CMSIS/STM32L4xx/Include/stm32l431xx.h">
			<Option target="libhal-l476xx-8m" />
		</Unit>
		<Unit filename="system/CMSIS/STM32L4xx/Include/stm32l432xx.h">
			<Option target="libhal-l476xx-8m" />
		</Unit>
		<Unit filename="system/CMSIS/STM32L4xx/Include/stm32l433xx.h">
			<Option target="libhal-l476xx-8m" />
		</Unit>
		<Unit filename="system/CMSIS/STM32L4xx/Include/stm32l442xx.h">
			<Option target="libhal-l476xx-8m" />
		</Unit>
		<Unit filename="system/CMSIS/STM32L4xx/Include/stm32l443xx.h">
			<Option target="libhal-l476xx-8m" />
		</Unit>
		<Unit filename="system/CMSIS/STM32L4xx/Include/stm32l471xx.h">
			<Option target="libhal-l476xx-8m" />
		</Unit>
		<Unit filename="system/CMSIS/STM32L4xx/Include/stm32l475xx.h">
			<Option target="libhal-l476xx-8m" />
		</Unit>
		<Unit filename="system/CMSIS/STM32L4xx/Include/stm32l476xx.h">
			<Option target="libhal-l476xx-8m" />
		</Unit>
		<Unit filename="system/CMSIS/STM32L4xx/Include/stm32l485xx.h">
			<Option target="libhal-l476xx-8m" />
		</Unit>
		<Unit filename="system/CMSIS/STM32L4xx/Include/stm32l486xx.h">
			<Option target="libhal-l476xx-8m" />
		</Unit>
		<Unit filename="system/CMSIS/STM32L4xx/Include/stm32l4xx.h">
			<Option target="libhal-l476xx-8m" />
		</Unit>
		<Unit filename="system/CMSIS/STM32L4xx/Include/system_stm32l4xx.h">
			<Option target="libhal-l476xx-8m" />
		</Unit>
		<Unit filename="system/HALMX/STM32F1xx_HAL_Driver/Inc/Legacy/stm32_hal_legacy.h">
			<Option target="libhal-f103xb-8m" />
		</Unit>
		<Unit filename="system/HALMX/STM32F1xx_HAL_Driver/Inc/stm32f1xx_hal.h">
			<Option target="libhal-f103xb-8m" />
		</Unit>
		<Unit filename="system/HALMX/STM32F1xx_HAL_Driver/Inc/stm32f1xx_hal_adc.h">
			<Option target="libhal-f103xb-8m" />
		</Unit>
		<Unit filename="system/HALMX/STM32F1xx_HAL_Driver/Inc/stm32f1xx_hal_adc_ex.h">
			<Option target="libhal-f103xb-8m" />
		</Unit>
		<Unit filename="system/HALMX/STM32F1xx_HAL_Driver/Inc/stm32f1xx_hal_can.h">
			<Option target="libhal-f103xb-8m" />
		</Unit>
		<Unit filename="system/HALMX/STM32F1xx_HAL_Driver/Inc/stm32f1xx_hal_can_ex.h">
			<Option target="libhal-f103xb-8m" />
		</Unit>
		<Unit filename="system/HALMX/STM32F1xx_HAL_Driver/Inc/stm32f1xx_hal_cec.h">
			<Option target="libhal-f103xb-8m" />
		</Unit>
		<Unit filename="system/HALMX/STM32F1xx_HAL_Driver/Inc/stm32f1xx_hal_conf.h">
			<Option target="libhal-f103xb-8m" />
		</Unit>
		<Unit filename="system/HALMX/STM32F1xx_HAL_Driver/Inc/stm32f1xx_hal_cortex.h">
			<Option target="libhal-f103xb-8m" />
		</Unit>
		<Unit filename="system/HALMX/STM32F1xx_HAL_Driver/Inc/stm32f1xx_hal_crc.h">
			<Option target="libhal-f103xb-8m" />
		</Unit>
		<Unit filename="system/HALMX/STM32F1xx_HAL_Driver/Inc/stm32f1xx_hal_dac.h">
			<Option target="libhal-f103xb-8m" />
		</Unit>
		<Unit filename="system/HALMX/STM32F1xx_HAL_Driver/Inc/stm32f1xx_hal_dac_ex.h">
			<Option target="libhal-f103xb-8m" />
		</Unit>
		<Unit filename="system/HALMX/STM32F1xx_HAL_Driver/Inc/stm32f1xx_hal_def.h">
			<Option target="libhal-f103xb-8m" />
		</Unit>
		<Unit filename="system/HALMX/STM32F1xx_HAL_Driver/Inc/stm32f1xx_hal_dma.h">
			<Option target="libhal-f103xb-8m" />
		</Unit>
		<Unit filename="system/HALMX/STM32F1xx_HAL_Driver/Inc/stm32f1xx_hal_dma_ex.h">
			<Option target="libhal-f103xb-8m" />
		</Unit>
		<Unit filename="system/HALMX/STM32F1xx_HAL_Driver/Inc/stm32f1xx_hal_eth.h">
			<Option target="libhal-f103xb-8m" />
		</Unit>
		<Unit filename="system/HALMX/STM32F1xx_HAL_Driver/Inc/stm32f1xx_hal_flash.h">
			<Option target="libhal-f103xb-8m" />
		</Unit>
		<Unit filename="system/HALMX/STM32F1xx_HAL_Driver/Inc/stm32f1xx_hal_flash_ex.h">
			<Option target="libhal-f103xb-8m" />
		</Unit>
		<Unit filename="system/HALMX/STM32F1xx_HAL_Driver/Inc/stm32f1xx_hal_gpio.h">
			<Option target="libhal-f103xb-8m" />
		</Unit>
		<Unit filename="system/HALMX/STM32F1xx_HAL_Driver/Inc/stm32f1xx_hal_gpio_ex.h">
			<Option target="libhal-f103xb-8m" />
		</Unit>
		<Unit filename="system/HALMX/STM32F1xx_HAL_Driver/Inc/stm32f1xx_hal_hcd.h">
			<Option target="libhal-f103xb-8m" />
		</Unit>
		<Unit filename="system/HALMX/STM32F1xx_HAL_Driver/Inc/stm32f1xx_hal_i2c.h">
			<Option target="libhal-f103xb-8m" />
		</Unit>
		<Unit filename="system/HALMX/STM32F1xx_HAL_Driver/Inc/stm32f1xx_hal_i2s.h">
			<Option target="libhal-f103xb-8m" />
		</Unit>
		<Unit filename="system/HALMX/STM32F1xx_HAL_Driver/Inc/stm32f1xx_hal_irda.h">
			<Option target="libhal-f103xb-8m" />
		</Unit>
		<Unit filename="system/HALMX/STM32F1xx_HAL_Driver/Inc/stm32f1xx_hal_iwdg.h">
			<Option target="libhal-f103xb-8m" />
		</Unit>
		<Unit filename="system/HALMX/STM32F1xx_HAL_Driver/Inc/stm32f1xx_hal_nand.h">
			<Option target="libhal-f103xb-8m" />
		</Unit>
		<Unit filename="system/HALMX/STM32F1xx_HAL_Driver/Inc/stm32f1xx_hal_nor.h">
			<Option target="libhal-f103xb-8m" />
		</Unit>
		<Unit filename="system/HALMX/STM32F1xx_HAL_Driver/Inc/stm32f1xx_hal_pccard.h">
			<Option target="libhal-f103xb-8m" />
		</Unit>
		<Unit filename="system/HALMX/STM32F1xx_HAL_Driver/Inc/stm32f1xx_hal_pcd.h">
			<Option target="libhal-f103xb-8m" />
		</Unit>
		<Unit filename="system/HALMX/STM32F1xx_HAL_Driver/Inc/stm32f1xx_hal_pcd_ex.h">
			<Option target="libhal-f103xb-8m" />
		</Unit>
		<Unit filename="system/HALMX/STM32F1xx_HAL_Driver/Inc/stm32f1xx_hal_pwr.h">
			<Option target="libhal-f103xb-8m" />
		</Unit>
		<Unit filename="system/HALMX/STM32F1xx_HAL_Driver/Inc/stm32f1xx_hal_rcc.h">
			<Option target="libhal-f103xb-8m" />
		</Unit>
		<Unit filename="system/HALMX/STM32F1xx_HAL_Driver/Inc/stm32f1xx_hal_rcc_ex.h">
			<Option target="libhal-f103xb-8m" />
		</Unit>
		<Unit filename="system/HALMX/STM32F1xx_HAL_Driver/Inc/stm32f1xx_hal_rtc.h">
			<Option target="libhal-f103xb-8m" />
		</Unit>
		<Unit filename="system/HALMX/STM32F1xx_HAL_Driver/Inc/stm32f1xx_hal_rtc_ex.h">
			<Option target="libhal-f103xb-8m" />
		</Unit>
		<Unit filename="system/HALMX/STM32F1xx_HAL_Driver/Inc/stm32f1xx_hal_sd.h">
			<Option target="libhal-f103xb-8m" />
		</Unit>
		<Unit filename="system/HALMX/STM32F1xx_HAL_Driver/Inc/stm32f1xx_hal_smartcard.h">
			<Option target="libhal-f103xb-8m" />
		</Unit>
		<Unit filename="system/HALMX/STM32F1xx_HAL_Driver/Inc/stm32f1xx_hal_spi.h">
			<Option target="libhal-f103xb-8m" />
		</Unit>
		<Unit filename="system/HALMX/STM32F1xx_HAL_Driver/Inc/stm32f1xx_hal_sram.h">
			<Option target="libhal-f103xb-8m" />
		</Unit>
		<Unit filename="system/HALMX/STM32F1xx_HAL_Driver/Inc/stm32f1xx_hal_tim.h">
			<Option target="libhal-f103xb-8m" />
		</Unit>
		<Unit filename="system/HALMX/STM32F1xx_HAL_Driver/Inc/stm32f1xx_hal_tim_ex.h">
			<Option target="libhal-f103xb-8m" />
		</Unit>
		<Unit filename="system/HALMX/STM32F1xx_HAL_Driver/Inc/stm32f1xx_hal_uart.h">
			<Option target="libhal-f103xb-8m" />
		</Unit>
		<Unit filename="system/HALMX/STM32F1xx_HAL_Driver/Inc/stm32f1xx_hal_usart.h">
			<Option target="libhal-f103xb-8m" />
		</Unit>
		<Unit filename="system/HALMX/STM32F1xx_HAL_Driver/Inc/stm32f1xx_hal_wwdg.h">
			<Option target="libhal-f103xb-8m" />
		</Unit>
		<Unit filename="system/HALMX/STM32F1xx_HAL_Driver/Inc/stm32f1xx_ll_fsmc.h">
			<Option target="libhal-f103xb-8m" />
		</Unit>
		<Unit filename="system/HALMX/STM32F1xx_HAL_Driver/Inc/stm32f1xx_ll_sdmmc.h">
			<Option target="libhal-f103xb-8m" />
		</Unit>
		<Unit filename="system/HALMX/STM32F1xx_HAL_Driver/Inc/stm32f1xx_ll_usb.h">
			<Option target="libhal-f103xb-8m" />
		</Unit>
		<Unit filename="system/HALMX/STM32F1xx_HAL_Driver/Src/stm32f1xx_hal.c">
			<Option compilerVar="CC" />
			<Option target="libhal-f103xb-8m" />
		</Unit>
		<Unit filename="system/HALMX/STM32F1xx_HAL_Driver/Src/stm32f1xx_hal_adc.c">
			<Option compilerVar="CC" />
			<Option target="libhal-f103xb-8m" />
		</Unit>
		<Unit filename="system/HALMX/STM32F1xx_HAL_Driver/Src/stm32f1xx_hal_adc_ex.c">
			<Option compilerVar="CC" />
			<Option target="libhal-f103xb-8m" />
		</Unit>
		<Unit filename="system/HALMX/STM32F1xx_HAL_Driver/Src/stm32f1xx_hal_can.c">
			<Option compilerVar="CC" />
			<Option target="libhal-f103xb-8m" />
		</Unit>
		<Unit filename="system/HALMX/STM32F1xx_HAL_Driver/Src/stm32f1xx_hal_cec.c">
			<Option compilerVar="CC" />
			<Option target="libhal-f103xb-8m" />
		</Unit>
		<Unit filename="system/HALMX/STM32F1xx_HAL_Driver/Src/stm32f1xx_hal_cortex.c">
			<Option compilerVar="CC" />
			<Option target="libhal-f103xb-8m" />
		</Unit>
		<Unit filename="system/HALMX/STM32F1xx_HAL_Driver/Src/stm32f1xx_hal_crc.c">
			<Option compilerVar="CC" />
			<Option target="libhal-f103xb-8m" />
		</Unit>
		<Unit filename="system/HALMX/STM32F1xx_HAL_Driver/Src/stm32f1xx_hal_dac.c">
			<Option compilerVar="CC" />
			<Option target="libhal-f103xb-8m" />
		</Unit>
		<Unit filename="system/HALMX/STM32F1xx_HAL_Driver/Src/stm32f1xx_hal_dac_ex.c">
			<Option compilerVar="CC" />
			<Option target="libhal-f103xb-8m" />
		</Unit>
		<Unit filename="system/HALMX/STM32F1xx_HAL_Driver/Src/stm32f1xx_hal_dma.c">
			<Option compilerVar="CC" />
			<Option target="libhal-f103xb-8m" />
		</Unit>
		<Unit filename="system/HALMX/STM32F1xx_HAL_Driver/Src/stm32f1xx_hal_eth.c">
			<Option compilerVar="CC" />
			<Option target="libhal-f103xb-8m" />
		</Unit>
		<Unit filename="system/HALMX/STM32F1xx_HAL_Driver/Src/stm32f1xx_hal_flash.c">
			<Option compilerVar="CC" />
			<Option target="libhal-f103xb-8m" />
		</Unit>
		<Unit filename="system/HALMX/STM32F1xx_HAL_Driver/Src/stm32f1xx_hal_flash_ex.c">
			<Option compilerVar="CC" />
			<Option target="libhal-f103xb-8m" />
		</Unit>
		<Unit filename="system/HALMX/STM32F1xx_HAL_Driver/Src/stm32f1xx_hal_gpio.c">
			<Option compilerVar="CC" />
			<Option target="libhal-f103xb-8m" />
		</Unit>
		<Unit filename="system/HALMX/STM32F1xx_HAL_Driver/Src/stm32f1xx_hal_gpio_ex.c">
			<Option compilerVar="CC" />
			<Option target="libhal-f103xb-8m" />
		</Unit>
		<Unit filename="system/HALMX/STM32F1xx_HAL_Driver/Src/stm32f1xx_hal_hcd.c">
			<Option compilerVar="CC" />
			<Option target="libhal-f103xb-8m" />
		</Unit>
		<Unit filename="system/HALMX/STM32F1xx_HAL_Driver/Src/stm32f1xx_hal_i2c.c">
			<Option compilerVar="CC" />
			<Option target="libhal-f103xb-8m" />
		</Unit>
		<Unit filename="system/HALMX/STM32F1xx_HAL_Driver/Src/stm32f1xx_hal_i2s.c">
			<Option compilerVar="CC" />
			<Option target="libhal-f103xb-8m" />
		</Unit>
		<Unit filename="system/HALMX/STM32F1xx_HAL_Driver/Src/stm32f1xx_hal_irda.c">
			<Option compilerVar="CC" />
			<Option target="libhal-f103xb-8m" />
		</Unit>
		<Unit filename="system/HALMX/STM32F1xx_HAL_Driver/Src/stm32f1xx_hal_iwdg.c">
			<Option compilerVar="CC" />
			<Option target="libhal-f103xb-8m" />
		</Unit>
		<Unit filename="system/HALMX/STM32F1xx_HAL_Driver/Src/stm32f1xx_hal_msp_template.c">
			<Option compilerVar="CC" />
			<Option target="libhal-f103xb-8m" />
		</Unit>
		<Unit filename="system/HALMX/STM32F1xx_HAL_Driver/Src/stm32f1xx_hal_nand.c">
			<Option compilerVar="CC" />
			<Option target="libhal-f103xb-8m" />
		</Unit>
		<Unit filename="system/HALMX/STM32F1xx_HAL_Driver/Src/stm32f1xx_hal_nor.c">
			<Option compilerVar="CC" />
			<Option target="libhal-f103xb-8m" />
		</Unit>
		<Unit filename="system/HALMX/STM32F1xx_HAL_Driver/Src/stm32f1xx_hal_pccard.c">
			<Option compilerVar="CC" />
			<Option target="libhal-f103xb-8m" />
		</Unit>
		<Unit filename="system/HALMX/STM32F1xx_HAL_Driver/Src/stm32f1xx_hal_pcd.c">
			<Option compilerVar="CC" />
			<Option target="libhal-f103xb-8m" />
		</Unit>
		<Unit filename="system/HALMX/STM32F1xx_HAL_Driver/Src/stm32f1xx_hal_pcd_ex.c">
			<Option compilerVar="CC" />
			<Option target="libhal-f103xb-8m" />
		</Unit>
		<Unit filename="system/HALMX/STM32F1xx_HAL_Driver/Src/stm32f1xx_hal_pwr.c">
			<Option compilerVar="CC" />
			<Option target="libhal-f103xb-8m" />
		</Unit>
		<Unit filename="system/HALMX/STM32F1xx_HAL_Driver/Src/stm32f1xx_hal_rcc.c">
			<Option compilerVar="CC" />
			<Option target="libhal-f103xb-8m" />
		</Unit>
		<Unit filename="system/HALMX/STM32F1xx_HAL_Driver/Src/stm32f1xx_hal_rcc_ex.c">
			<Option compilerVar="CC" />
			<Option target="libhal-f103xb-8m" />
		</Unit>
		<Unit filename="system/HALMX/STM32F1xx_HAL_Driver/Src/stm32f1xx_hal_rtc.c">
			<Option compilerVar="CC" />
			<Option target="libhal-f103xb-8m" />
		</Unit>
		<Unit filename="system/HALMX/STM32F1xx_HAL_Driver/Src/stm32f1xx_hal_rtc_ex.c">
			<Option compilerVar="CC" />
			<Option target="libhal-f103xb-8m" />
		</Unit>
		<Unit filename="system/HALMX/STM32F1xx_HAL_Driver/Src/stm32f1xx_hal_sd.c">
			<Option compilerVar="CC" />
			<Option target="libhal-f103xb-8m" />
		</Unit>
		<Unit filename="system/HALMX/STM32F1xx_HAL_Driver/Src/stm32f1xx_hal_smartcard.c">
			<Option compilerVar="CC" />
			<Option target="libhal-f103xb-8m" />
		</Unit>
		<Unit filename="system/HALMX/STM32F1xx_HAL_Driver/Src/stm32f1xx_hal_spi.c">
			<Option compilerVar="CC" />
			<Option target="libhal-f103xb-8m" />
		</Unit>
		<Unit filename="system/HALMX/STM32F1xx_HAL_Driver/Src/stm32f1xx_hal_spi_ex.c">
			<Option compilerVar="CC" />
			<Option target="libhal-f103xb-8m" />
		</Unit>
		<Unit filename="system/HALMX/STM32F1xx_HAL_Driver/Src/stm32f1xx_hal_sram.c">
			<Option compilerVar="CC" />
			<Option target="libhal-f103xb-8m" />
		</Unit>
		<Unit filename="system/HALMX/STM32F1xx_HAL_Driver/Src/stm32f1xx_hal_tim.c">
			<Option compilerVar="CC" />
			<Option target="libhal-f103xb-8m" />
		</Unit>
		<Unit filename="system/HALMX/STM32F1xx_HAL_Driver/Src/stm32f1xx_hal_tim_ex.c">
			<Option compilerVar="CC" />
			<Option target="libhal-f103xb-8m" />
		</Unit>
		<Unit filename="system/HALMX/STM32F1xx_HAL_Driver/Src/stm32f1xx_hal_uart.c">
			<Option compilerVar="CC" />
			<Option target="libhal-f103xb-8m" />
		</Unit>
		<Unit filename="system/HALMX/STM32F1xx_HAL_Driver/Src/stm32f1xx_hal_usart.c">
			<Option compilerVar="CC" />
			<Option target="libhal-f103xb-8m" />
		</Unit>
		<Unit filename="system/HALMX/STM32F1xx_HAL_Driver/Src/stm32f1xx_hal_wwdg.c">
			<Option compilerVar="CC" />
			<Option target="libhal-f103xb-8m" />
		</Unit>
		<Unit filename="system/HALMX/STM32F1xx_HAL_Driver/Src/stm32f1xx_ll_fsmc.c">
			<Option compilerVar="CC" />
			<Option target="libhal-f103xb-8m" />
		</Unit>
		<Unit filename="system/HALMX/STM32F1xx_HAL_Driver/Src/stm32f1xx_ll_sdmmc.c">
			<Option compilerVar="CC" />
			<Option target="libhal-f103xb-8m" />
		</Unit>
		<Unit filename="system/HALMX/STM32F1xx_HAL_Driver/Src/stm32f1xx_ll_usb.c">
			<Option compilerVar="CC" />
			<Option target="libhal-f103xb-8m" />
		</Unit>
		<Unit filename="system/HALMX/STM32F4xx_HAL_Driver/Inc/Legacy/stm32_hal_legacy.h">
			<Option target="libhal-f401xe-8m" />
			<Option target="libhal-f411xe-8m" />
		</Unit>
		<Unit filename="system/HALMX/STM32F4xx_HAL_Driver/Inc/stm32f4xx_hal.h">
			<Option target="libhal-f401xe-8m" />
			<Option target="libhal-f411xe-8m" />
		</Unit>
		<Unit filename="system/HALMX/STM32F4xx_HAL_Driver/Inc/stm32f4xx_hal_adc.h">
			<Option target="libhal-f401xe-8m" />
			<Option target="libhal-f411xe-8m" />
		</Unit>
		<Unit filename="system/HALMX/STM32F4xx_HAL_Driver/Inc/stm32f4xx_hal_adc_ex.h">
			<Option target="libhal-f401xe-8m" />
			<Option target="libhal-f411xe-8m" />
		</Unit>
		<Unit filename="system/HALMX/STM32F4xx_HAL_Driver/Inc/stm32f4xx_hal_can.h">
			<Option target="libhal-f401xe-8m" />
			<Option target="libhal-f411xe-8m" />
		</Unit>
		<Unit filename="system/HALMX/STM32F4xx_HAL_Driver/Inc/stm32f4xx_hal_cec.h">
			<Option target="libhal-f401xe-8m" />
			<Option target="libhal-f411xe-8m" />
		</Unit>
		<Unit filename="system/HALMX/STM32F4xx_HAL_Driver/Inc/stm32f4xx_hal_conf.h">
			<Option target="libhal-f401xe-8m" />
			<Option target="libhal-f411xe-8m" />
		</Unit>
		<Unit filename="system/HALMX/STM32F4xx_HAL_Driver/Inc/stm32f4xx_hal_cortex.h">
			<Option target="libhal-f401xe-8m" />
			<Option target="libhal-f411xe-8m" />
		</Unit>
		<Unit filename="system/HALMX/STM32F4xx_HAL_Driver/Inc/stm32f4xx_hal_crc.h">
			<Option target="libhal-f401xe-8m" />
			<Option target="libhal-f411xe-8m" />
		</Unit>
		<Unit filename="system/HALMX/STM32F4xx_HAL_Driver/Inc/stm32f4xx_hal_cryp.h">
			<Option target="libhal-f401xe-8m" />
			<Option target="libhal-f411xe-8m" />
		</Unit>
		<Unit filename="system/HALMX/STM32F4xx_HAL_Driver/Inc/stm32f4xx_hal_cryp_ex.h">
			<Option target="libhal-f401xe-8m" />
			<Option target="libhal-f411xe-8m" />
		</Unit>
		<Unit filename="system/HALMX/STM32F4xx_HAL_Driver/Inc/stm32f4xx_hal_dac.h">
			<Option target="libhal-f401xe-8m" />
			<Option target="libhal-f411xe-8m" />
		</Unit>
		<Unit filename="system/HALMX/STM32F4xx_HAL_Driver/Inc/stm32f4xx_hal_dac_ex.h">
			<Option target="libhal-f401xe-8m" />
			<Option target="libhal-f411xe-8m" />
		</Unit>
		<Unit filename="system/HALMX/STM32F4xx_HAL_Driver/Inc/stm32f4xx_hal_dcmi.h">
			<Option target="libhal-f401xe-8m" />
			<Option target="libhal-f411xe-8m" />
		</Unit>
		<Unit filename="system/HALMX/STM32F4xx_HAL_Driver/Inc/stm32f4xx_hal_dcmi_ex.h">
			<Option target="libhal-f401xe-8m" />
			<Option target="libhal-f411xe-8m" />
		</Unit>
		<Unit filename="system/HALMX/STM32F4xx_HAL_Driver/Inc/stm32f4xx_hal_def.h">
			<Option target="libhal-f401xe-8m" />
			<Option target="libhal-f411xe-8m" />
		</Unit>
		<Unit filename="system/HALMX/STM32F4xx_HAL_Driver/Inc/stm32f4xx_hal_dfsdm.h">
			<Option target="libhal-f401xe-8m" />
			<Option target="libhal-f411xe-8m" />
		</Unit>
		<Unit filename="system/HALMX/STM32F4xx_HAL_Driver/Inc/stm32f4xx_hal_dma.h">
			<Option target="libhal-f401xe-8m" />
			<Option target="libhal-f411xe-8m" />
		</Unit>
		<Unit filename="system/HALMX/STM32F4xx_HAL_Driver/Inc/stm32f4xx_hal_dma2d.h">
			<Option target="libhal-f401xe-8m" />
			<Option target="libhal-f411xe-8m" />
		</Unit>
		<Unit filename="system/HALMX/STM32F4xx_HAL_Driver/Inc/stm32f4xx_hal_dma_ex.h">
			<Option target="libhal-f401xe-8m" />
			<Option target="libhal-f411xe-8m" />
		</Unit>
		<Unit filename="system/HALMX/STM32F4xx_HAL_Driver/Inc/stm32f4xx_hal_dsi.h">
			<Option target="libhal-f401xe-8m" />
			<Option target="libhal-f411xe-8m" />
		</Unit>
		<Unit filename="system/HALMX/STM32F4xx_HAL_Driver/Inc/stm32f4xx_hal_eth.h">
			<Option target="libhal-f401xe-8m" />
			<Option target="libhal-f411xe-8m" />
		</Unit>
		<Unit filename="system/HALMX/STM32F4xx_HAL_Driver/Inc/stm32f4xx_hal_flash.h">
			<Option target="libhal-f401xe-8m" />
			<Option target="libhal-f411xe-8m" />
		</Unit>
		<Unit filename="system/HALMX/STM32F4xx_HAL_Driver/Inc/stm32f4xx_hal_flash_ex.h">
			<Option target="libhal-f401xe-8m" />
			<Option target="libhal-f411xe-8m" />
		</Unit>
		<Unit filename="system/HALMX/STM32F4xx_HAL_Driver/Inc/stm32f4xx_hal_flash_ramfunc.h">
			<Option target="libhal-f401xe-8m" />
			<Option target="libhal-f411xe-8m" />
		</Unit>
		<Unit filename="system/HALMX/STM32F4xx_HAL_Driver/Inc/stm32f4xx_hal_fmpi2c.h">
			<Option target="libhal-f401xe-8m" />
			<Option target="libhal-f411xe-8m" />
		</Unit>
		<Unit filename="system/HALMX/STM32F4xx_HAL_Driver/Inc/stm32f4xx_hal_fmpi2c_ex.h">
			<Option target="libhal-f401xe-8m" />
			<Option target="libhal-f411xe-8m" />
		</Unit>
		<Unit filename="system/HALMX/STM32F4xx_HAL_Driver/Inc/stm32f4xx_hal_gpio.h">
			<Option target="libhal-f401xe-8m" />
			<Option target="libhal-f411xe-8m" />
		</Unit>
		<Unit filename="system/HALMX/STM32F4xx_HAL_Driver/Inc/stm32f4xx_hal_gpio_ex.h">
			<Option target="libhal-f401xe-8m" />
			<Option target="libhal-f411xe-8m" />
		</Unit>
		<Unit filename="system/HALMX/STM32F4xx_HAL_Driver/Inc/stm32f4xx_hal_hash.h">
			<Option target="libhal-f401xe-8m" />
			<Option target="libhal-f411xe-8m" />
		</Unit>
		<Unit filename="system/HALMX/STM32F4xx_HAL_Driver/Inc/stm32f4xx_hal_hash_ex.h">
			<Option target="libhal-f401xe-8m" />
			<Option target="libhal-f411xe-8m" />
		</Unit>
		<Unit filename="system/HALMX/STM32F4xx_HAL_Driver/Inc/stm32f4xx_hal_hcd.h">
			<Option target="libhal-f401xe-8m" />
			<Option target="libhal-f411xe-8m" />
		</Unit>
		<Unit filename="system/HALMX/STM32F4xx_HAL_Driver/Inc/stm32f4xx_hal_i2c.h">
			<Option target="libhal-f401xe-8m" />
			<Option target="libhal-f411xe-8m" />
		</Unit>
		<Unit filename="system/HALMX/STM32F4xx_HAL_Driver/Inc/stm32f4xx_hal_i2c_ex.h">
			<Option target="libhal-f401xe-8m" />
			<Option target="libhal-f411xe-8m" />
		</Unit>
		<Unit filename="system/HALMX/STM32F4xx_HAL_Driver/Inc/stm32f4xx_hal_i2s.h">
			<Option target="libhal-f401xe-8m" />
			<Option target="libhal-f411xe-8m" />
		</Unit>
		<Unit filename="system/HALMX/STM32F4xx_HAL_Driver/Inc/stm32f4xx_hal_i2s_ex.h">
			<Option target="libhal-f401xe-8m" />
			<Option target="libhal-f411xe-8m" />
		</Unit>
		<Unit filename="system/HALMX/STM32F4xx_HAL_Driver/Inc/stm32f4xx_hal_irda.h">
			<Option target="libhal-f401xe-8m" />
			<Option target="libhal-f411xe-8m" />
		</Unit>
		<Unit filename="system/HALMX/STM32F4xx_HAL_Driver/Inc/stm32f4xx_hal_iwdg.h">
			<Option target="libhal-f401xe-8m" />
			<Option target="libhal-f411xe-8m" />
		</Unit>
		<Unit filename="system/HALMX/STM32F4xx_HAL_Driver/Inc/stm32f4xx_hal_lptim.h">
			<Option target="libhal-f401xe-8m" />
			<Option target="libhal-f411xe-8m" />
		</Unit>
		<Unit filename="system/HALMX/STM32F4xx_HAL_Driver/Inc/stm32f4xx_hal_ltdc.h">
			<Option target="libhal-f401xe-8m" />
			<Option target="libhal-f411xe-8m" />
		</Unit>
		<Unit filename="system/HALMX/STM32F4xx_HAL_Driver/Inc/stm32f4xx_hal_ltdc_ex.h">
			<Option target="libhal-f401xe-8m" />
			<Option target="libhal-f411xe-8m" />
		</Unit>
		<Unit filename="system/HALMX/STM32F4xx_HAL_Driver/Inc/stm32f4xx_hal_nand.h">
			<Option target="libhal-f401xe-8m" />
			<Option target="libhal-f411xe-8m" />
		</Unit>
		<Unit filename="system/HALMX/STM32F4xx_HAL_Driver/Inc/stm32f4xx_hal_nor.h">
			<Option target="libhal-f401xe-8m" />
			<Option target="libhal-f411xe-8m" />
		</Unit>
		<Unit filename="system/HALMX/STM32F4xx_HAL_Driver/Inc/stm32f4xx_hal_pccard.h">
			<Option target="libhal-f401xe-8m" />
			<Option target="libhal-f411xe-8m" />
		</Unit>
		<Unit filename="system/HALMX/STM32F4xx_HAL_Driver/Inc/stm32f4xx_hal_pcd.h">
			<Option target="libhal-f401xe-8m" />
			<Option target="libhal-f411xe-8m" />
		</Unit>
		<Unit filename="system/HALMX/STM32F4xx_HAL_Driver/Inc/stm32f4xx_hal_pcd_ex.h">
			<Option target="libhal-f401xe-8m" />
			<Option target="libhal-f411xe-8m" />
		</Unit>
		<Unit filename="system/HALMX/STM32F4xx_HAL_Driver/Inc/stm32f4xx_hal_pwr.h">
			<Option target="libhal-f401xe-8m" />
			<Option target="libhal-f411xe-8m" />
		</Unit>
		<Unit filename="system/HALMX/STM32F4xx_HAL_Driver/Inc/stm32f4xx_hal_pwr_ex.h">
			<Option target="libhal-f401xe-8m" />
			<Option target="libhal-f411xe-8m" />
		</Unit>
		<Unit filename="system/HALMX/STM32F4xx_HAL_Driver/Inc/stm32f4xx_hal_qspi.h">
			<Option target="libhal-f401xe-8m" />
			<Option target="libhal-f411xe-8m" />
		</Unit>
		<Unit filename="system/HALMX/STM32F4xx_HAL_Driver/Inc/stm32f4xx_hal_rcc.h">
			<Option target="libhal-f401xe-8m" />
			<Option target="libhal-f411xe-8m" />
		</Unit>
		<Unit filename="system/HALMX/STM32F4xx_HAL_Driver/Inc/stm32f4xx_hal_rcc_ex.h">
			<Option target="libhal-f401xe-8m" />
			<Option target="libhal-f411xe-8m" />
		</Unit>
		<Unit filename="system/HALMX/STM32F4xx_HAL_Driver/Inc/stm32f4xx_hal_rng.h">
			<Option target="libhal-f401xe-8m" />
			<Option target="libhal-f411xe-8m" />
		</Unit>
		<Unit filename="system/HALMX/STM32F4xx_HAL_Driver/Inc/stm32f4xx_hal_rtc.h">
			<Option target="libhal-f401xe-8m" />
			<Option target="libhal-f411xe-8m" />
		</Unit>
		<Unit filename="system/HALMX/STM32F4xx_HAL_Driver/Inc/stm32f4xx_hal_rtc_ex.h">
			<Option target="libhal-f401xe-8m" />
			<Option target="libhal-f411xe-8m" />
		</Unit>
		<Unit filename="system/HALMX/STM32F4xx_HAL_Driver/Inc/stm32f4xx_hal_sai.h">
			<Option target="libhal-f401xe-8m" />
			<Option target="libhal-f411xe-8m" />
		</Unit>
		<Unit filename="system/HALMX/STM32F4xx_HAL_Driver/Inc/stm32f4xx_hal_sai_ex.h">
			<Option target="libhal-f401xe-8m" />
			<Option target="libhal-f411xe-8m" />
		</Unit>
		<Unit filename="system/HALMX/STM32F4xx_HAL_Driver/Inc/stm32f4xx_hal_sd.h">
			<Option target="libhal-f401xe-8m" />
			<Option target="libhal-f411xe-8m" />
		</Unit>
		<Unit filename="system/HALMX/STM32F4xx_HAL_Driver/Inc/stm32f4xx_hal_sdram.h">
			<Option target="libhal-f401xe-8m" />
			<Option target="libhal-f411xe-8m" />
		</Unit>
		<Unit filename="system/HALMX/STM32F4xx_HAL_Driver/Inc/stm32f4xx_hal_smartcard.h">
			<Option target="libhal-f401xe-8m" />
			<Option target="libhal-f411xe-8m" />
		</Unit>
		<Unit filename="system/HALMX/STM32F4xx_HAL_Driver/Inc/stm32f4xx_hal_spdifrx.h">
			<Option target="libhal-f401xe-8m" />
			<Option target="libhal-f411xe-8m" />
		</Unit>
		<Unit filename="system/HALMX/STM32F4xx_HAL_Driver/Inc/stm32f4xx_hal_spi.h">
			<Option target="libhal-f401xe-8m" />
			<Option target="libhal-f411xe-8m" />
		</Unit>
		<Unit filename="system/HALMX/STM32F4xx_HAL_Driver/Inc/stm32f4xx_hal_sram.h">
			<Option target="libhal-f401xe-8m" />
			<Option target="libhal-f411xe-8m" />
		</Unit>
		<Unit filename="system/HALMX/STM32F4xx_HAL_Driver/Inc/stm32f4xx_hal_tim.h">
			<Option target="libhal-f401xe-8m" />
			<Option target="libhal-f411xe-8m" />
		</Unit>
		<Unit filename="system/HALMX/STM32F4xx_HAL_Driver/Inc/stm32f4xx_hal_tim_ex.h">
			<Option target="libhal-f401xe-8m" />
			<Option target="libhal-f411xe-8m" />
		</Unit>
		<Unit filename="system/HALMX/STM32F4xx_HAL_Driver/Inc/stm32f4xx_hal_uart.h">
			<Option target="libhal-f401xe-8m" />
			<Option target="libhal-f411xe-8m" />
		</Unit>
		<Unit filename="system/HALMX/STM32F4xx_HAL_Driver/Inc/stm32f4xx_hal_usart.h">
			<Option target="libhal-f401xe-8m" />
			<Option target="libhal-f411xe-8m" />
		</Unit>
		<Unit filename="system/HALMX/STM32F4xx_HAL_Driver/Inc/stm32f4xx_hal_wwdg.h">
			<Option target="libhal-f401xe-8m" />
			<Option target="libhal-f411xe-8m" />
		</Unit>
		<Unit filename="system/HALMX/STM32F4xx_HAL_Driver/Inc/stm32f4xx_ll_fmc.h">
			<Option target="libhal-f401xe-8m" />
			<Option target="libhal-f411xe-8m" />
		</Unit>
		<Unit filename="system/HALMX/STM32F4xx_HAL_Driver/Inc/stm32f4xx_ll_fsmc.h">
			<Option target="libhal-f401xe-8m" />
			<Option target="libhal-f411xe-8m" />
		</Unit>
		<Unit filename="system/HALMX/STM32F4xx_HAL_Driver/Inc/stm32f4xx_ll_sdmmc.h">
			<Option target="libhal-f401xe-8m" />
			<Option target="libhal-f411xe-8m" />
		</Unit>
		<Unit filename="system/HALMX/STM32F4xx_HAL_Driver/Inc/stm32f4xx_ll_usb.h">
			<Option target="libhal-f401xe-8m" />
			<Option target="libhal-f411xe-8m" />
		</Unit>
		<Unit filename="system/HALMX/STM32F4xx_HAL_Driver/Src/stm32f4xx_hal.c">
			<Option compilerVar="CC" />
			<Option target="libhal-f401xe-8m" />
			<Option target="libhal-f411xe-8m" />
		</Unit>
		<Unit filename="system/HALMX/STM32F4xx_HAL_Driver/Src/stm32f4xx_hal_adc.c">
			<Option compilerVar="CC" />
			<Option target="libhal-f401xe-8m" />
			<Option target="libhal-f411xe-8m" />
		</Unit>
		<Unit filename="system/HALMX/STM32F4xx_HAL_Driver/Src/stm32f4xx_hal_adc_ex.c">
			<Option compilerVar="CC" />
			<Option target="libhal-f401xe-8m" />
			<Option target="libhal-f411xe-8m" />
		</Unit>
		<Unit filename="system/HALMX/STM32F4xx_HAL_Driver/Src/stm32f4xx_hal_can.c">
			<Option compilerVar="CC" />
			<Option target="libhal-f401xe-8m" />
			<Option target="libhal-f411xe-8m" />
		</Unit>
		<Unit filename="system/HALMX/STM32F4xx_HAL_Driver/Src/stm32f4xx_hal_cec.c">
			<Option compilerVar="CC" />
			<Option target="libhal-f401xe-8m" />
			<Option target="libhal-f411xe-8m" />
		</Unit>
		<Unit filename="system/HALMX/STM32F4xx_HAL_Driver/Src/stm32f4xx_hal_cortex.c">
			<Option compilerVar="CC" />
			<Option target="libhal-f401xe-8m" />
			<Option target="libhal-f411xe-8m" />
		</Unit>
		<Unit filename="system/HALMX/STM32F4xx_HAL_Driver/Src/stm32f4xx_hal_crc.c">
			<Option compilerVar="CC" />
			<Option target="libhal-f401xe-8m" />
			<Option target="libhal-f411xe-8m" />
		</Unit>
		<Unit filename="system/HALMX/STM32F4xx_HAL_Driver/Src/stm32f4xx_hal_cryp.c">
			<Option compilerVar="CC" />
			<Option target="libhal-f401xe-8m" />
			<Option target="libhal-f411xe-8m" />
		</Unit>
		<Unit filename="system/HALMX/STM32F4xx_HAL_Driver/Src/stm32f4xx_hal_cryp_ex.c">
			<Option compilerVar="CC" />
			<Option target="libhal-f401xe-8m" />
			<Option target="libhal-f411xe-8m" />
		</Unit>
		<Unit filename="system/HALMX/STM32F4xx_HAL_Driver/Src/stm32f4xx_hal_dac.c">
			<Option compilerVar="CC" />
			<Option target="libhal-f401xe-8m" />
			<Option target="libhal-f411xe-8m" />
		</Unit>
		<Unit filename="system/HALMX/STM32F4xx_HAL_Driver/Src/stm32f4xx_hal_dac_ex.c">
			<Option compilerVar="CC" />
			<Option target="libhal-f401xe-8m" />
			<Option target="libhal-f411xe-8m" />
		</Unit>
		<Unit filename="system/HALMX/STM32F4xx_HAL_Driver/Src/stm32f4xx_hal_dcmi.c">
			<Option compilerVar="CC" />
			<Option target="libhal-f401xe-8m" />
			<Option target="libhal-f411xe-8m" />
		</Unit>
		<Unit filename="system/HALMX/STM32F4xx_HAL_Driver/Src/stm32f4xx_hal_dcmi_ex.c">
			<Option compilerVar="CC" />
			<Option target="libhal-f401xe-8m" />
			<Option target="libhal-f411xe-8m" />
		</Unit>
		<Unit filename="system/HALMX/STM32F4xx_HAL_Driver/Src/stm32f4xx_hal_dfsdm.c">
			<Option compilerVar="CC" />
			<Option target="libhal-f401xe-8m" />
			<Option target="libhal-f411xe-8m" />
		</Unit>
		<Unit filename="system/HALMX/STM32F4xx_HAL_Driver/Src/stm32f4xx_hal_dma.c">
			<Option compilerVar="CC" />
			<Option target="libhal-f401xe-8m" />
			<Option target="libhal-f411xe-8m" />
		</Unit>
		<Unit filename="system/HALMX/STM32F4xx_HAL_Driver/Src/stm32f4xx_hal_dma2d.c">
			<Option compilerVar="CC" />
			<Option target="libhal-f401xe-8m" />
			<Option target="libhal-f411xe-8m" />
		</Unit>
		<Unit filename="system/HALMX/STM32F4xx_HAL_Driver/Src/stm32f4xx_hal_dma_ex.c">
			<Option compilerVar="CC" />
			<Option target="libhal-f401xe-8m" />
			<Option target="libhal-f411xe-8m" />
		</Unit>
		<Unit filename="system/HALMX/STM32F4xx_HAL_Driver/Src/stm32f4xx_hal_dsi.c">
			<Option compilerVar="CC" />
			<Option target="libhal-f401xe-8m" />
			<Option target="libhal-f411xe-8m" />
		</Unit>
		<Unit filename="system/HALMX/STM32F4xx_HAL_Driver/Src/stm32f4xx_hal_eth.c">
			<Option compilerVar="CC" />
			<Option target="libhal-f401xe-8m" />
			<Option target="libhal-f411xe-8m" />
		</Unit>
		<Unit filename="system/HALMX/STM32F4xx_HAL_Driver/Src/stm32f4xx_hal_flash.c">
			<Option compilerVar="CC" />
			<Option target="libhal-f401xe-8m" />
			<Option target="libhal-f411xe-8m" />
		</Unit>
		<Unit filename="system/HALMX/STM32F4xx_HAL_Driver/Src/stm32f4xx_hal_flash_ex.c">
			<Option compilerVar="CC" />
			<Option target="libhal-f401xe-8m" />
			<Option target="libhal-f411xe-8m" />
		</Unit>
		<Unit filename="system/HALMX/STM32F4xx_HAL_Driver/Src/stm32f4xx_hal_flash_ramfunc.c">
			<Option compilerVar="CC" />
			<Option target="libhal-f401xe-8m" />
			<Option target="libhal-f411xe-8m" />
		</Unit>
		<Unit filename="system/HALMX/STM32F4xx_HAL_Driver/Src/stm32f4xx_hal_fmpi2c.c">
			<Option compilerVar="CC" />
			<Option target="libhal-f401xe-8m" />
			<Option target="libhal-f411xe-8m" />
		</Unit>
		<Unit filename="system/HALMX/STM32F4xx_HAL_Driver/Src/stm32f4xx_hal_fmpi2c_ex.c">
			<Option compilerVar="CC" />
			<Option target="libhal-f401xe-8m" />
			<Option target="libhal-f411xe-8m" />
		</Unit>
		<Unit filename="system/HALMX/STM32F4xx_HAL_Driver/Src/stm32f4xx_hal_gpio.c">
			<Option compilerVar="CC" />
			<Option target="libhal-f401xe-8m" />
			<Option target="libhal-f411xe-8m" />
		</Unit>
		<Unit filename="system/HALMX/STM32F4xx_HAL_Driver/Src/stm32f4xx_hal_hash.c">
			<Option compilerVar="CC" />
			<Option target="libhal-f401xe-8m" />
			<Option target="libhal-f411xe-8m" />
		</Unit>
		<Unit filename="system/HALMX/STM32F4xx_HAL_Driver/Src/stm32f4xx_hal_hash_ex.c">
			<Option compilerVar="CC" />
			<Option target="libhal-f401xe-8m" />
			<Option target="libhal-f411xe-8m" />
		</Unit>
		<Unit filename="system/HALMX/STM32F4xx_HAL_Driver/Src/stm32f4xx_hal_hcd.c">
			<Option compilerVar="CC" />
			<Option target="libhal-f401xe-8m" />
			<Option target="libhal-f411xe-8m" />
		</Unit>
		<Unit filename="system/HALMX/STM32F4xx_HAL_Driver/Src/stm32f4xx_hal_i2c.c">
			<Option compilerVar="CC" />
			<Option target="libhal-f401xe-8m" />
			<Option target="libhal-f411xe-8m" />
		</Unit>
		<Unit filename="system/HALMX/STM32F4xx_HAL_Driver/Src/stm32f4xx_hal_i2c_ex.c">
			<Option compilerVar="CC" />
			<Option target="libhal-f401xe-8m" />
			<Option target="libhal-f411xe-8m" />
		</Unit>
		<Unit filename="system/HALMX/STM32F4xx_HAL_Driver/Src/stm32f4xx_hal_i2s.c">
			<Option compilerVar="CC" />
			<Option target="libhal-f401xe-8m" />
			<Option target="libhal-f411xe-8m" />
		</Unit>
		<Unit filename="system/HALMX/STM32F4xx_HAL_Driver/Src/stm32f4xx_hal_i2s_ex.c">
			<Option compilerVar="CC" />
			<Option target="libhal-f401xe-8m" />
			<Option target="libhal-f411xe-8m" />
		</Unit>
		<Unit filename="system/HALMX/STM32F4xx_HAL_Driver/Src/stm32f4xx_hal_irda.c">
			<Option compilerVar="CC" />
			<Option target="libhal-f401xe-8m" />
			<Option target="libhal-f411xe-8m" />
		</Unit>
		<Unit filename="system/HALMX/STM32F4xx_HAL_Driver/Src/stm32f4xx_hal_iwdg.c">
			<Option compilerVar="CC" />
			<Option target="libhal-f401xe-8m" />
			<Option target="libhal-f411xe-8m" />
		</Unit>
		<Unit filename="system/HALMX/STM32F4xx_HAL_Driver/Src/stm32f4xx_hal_lptim.c">
			<Option compilerVar="CC" />
			<Option target="libhal-f401xe-8m" />
			<Option target="libhal-f411xe-8m" />
		</Unit>
		<Unit filename="system/HALMX/STM32F4xx_HAL_Driver/Src/stm32f4xx_hal_ltdc.c">
			<Option compilerVar="CC" />
			<Option target="libhal-f401xe-8m" />
			<Option target="libhal-f411xe-8m" />
		</Unit>
		<Unit filename="system/HALMX/STM32F4xx_HAL_Driver/Src/stm32f4xx_hal_ltdc_ex.c">
			<Option compilerVar="CC" />
			<Option target="libhal-f401xe-8m" />
			<Option target="libhal-f411xe-8m" />
		</Unit>
		<Unit filename="system/HALMX/STM32F4xx_HAL_Driver/Src/stm32f4xx_hal_msp_template.c">
			<Option compilerVar="CC" />
			<Option target="libhal-f401xe-8m" />
			<Option target="libhal-f411xe-8m" />
		</Unit>
		<Unit filename="system/HALMX/STM32F4xx_HAL_Driver/Src/stm32f4xx_hal_nand.c">
			<Option compilerVar="CC" />
			<Option target="libhal-f401xe-8m" />
			<Option target="libhal-f411xe-8m" />
		</Unit>
		<Unit filename="system/HALMX/STM32F4xx_HAL_Driver/Src/stm32f4xx_hal_nor.c">
			<Option compilerVar="CC" />
			<Option target="libhal-f401xe-8m" />
			<Option target="libhal-f411xe-8m" />
		</Unit>
		<Unit filename="system/HALMX/STM32F4xx_HAL_Driver/Src/stm32f4xx_hal_pccard.c">
			<Option compilerVar="CC" />
			<Option target="libhal-f401xe-8m" />
			<Option target="libhal-f411xe-8m" />
		</Unit>
		<Unit filename="system/HALMX/STM32F4xx_HAL_Driver/Src/stm32f4xx_hal_pcd.c">
			<Option compilerVar="CC" />
			<Option target="libhal-f401xe-8m" />
			<Option target="libhal-f411xe-8m" />
		</Unit>
		<Unit filename="system/HALMX/STM32F4xx_HAL_Driver/Src/stm32f4xx_hal_pcd_ex.c">
			<Option compilerVar="CC" />
			<Option target="libhal-f401xe-8m" />
			<Option target="libhal-f411xe-8m" />
		</Unit>
		<Unit filename="system/HALMX/STM32F4xx_HAL_Driver/Src/stm32f4xx_hal_pwr.c">
			<Option compilerVar="CC" />
			<Option target="libhal-f401xe-8m" />
			<Option target="libhal-f411xe-8m" />
		</Unit>
		<Unit filename="system/HALMX/STM32F4xx_HAL_Driver/Src/stm32f4xx_hal_pwr_ex.c">
			<Option compilerVar="CC" />
			<Option target="libhal-f401xe-8m" />
			<Option target="libhal-f411xe-8m" />
		</Unit>
		<Unit filename="system/HALMX/STM32F4xx_HAL_Driver/Src/stm32f4xx_hal_qspi.c">
			<Option compilerVar="CC" />
			<Option target="libhal-f401xe-8m" />
			<Option target="libhal-f411xe-8m" />
		</Unit>
		<Unit filename="system/HALMX/STM32F4xx_HAL_Driver/Src/stm32f4xx_hal_rcc.c">
			<Option compilerVar="CC" />
			<Option target="libhal-f401xe-8m" />
			<Option target="libhal-f411xe-8m" />
		</Unit>
		<Unit filename="system/HALMX/STM32F4xx_HAL_Driver/Src/stm32f4xx_hal_rcc_ex.c">
			<Option compilerVar="CC" />
			<Option target="libhal-f401xe-8m" />
			<Option target="libhal-f411xe-8m" />
		</Unit>
		<Unit filename="system/HALMX/STM32F4xx_HAL_Driver/Src/stm32f4xx_hal_rng.c">
			<Option compilerVar="CC" />
			<Option target="libhal-f401xe-8m" />
			<Option target="libhal-f411xe-8m" />
		</Unit>
		<Unit filename="system/HALMX/STM32F4xx_HAL_Driver/Src/stm32f4xx_hal_rtc.c">
			<Option compilerVar="CC" />
			<Option target="libhal-f401xe-8m" />
			<Option target="libhal-f411xe-8m" />
		</Unit>
		<Unit filename="system/HALMX/STM32F4xx_HAL_Driver/Src/stm32f4xx_hal_rtc_ex.c">
			<Option compilerVar="CC" />
			<Option target="libhal-f401xe-8m" />
			<Option target="libhal-f411xe-8m" />
		</Unit>
		<Unit filename="system/HALMX/STM32F4xx_HAL_Driver/Src/stm32f4xx_hal_sai.c">
			<Option compilerVar="CC" />
			<Option target="libhal-f401xe-8m" />
			<Option target="libhal-f411xe-8m" />
		</Unit>
		<Unit filename="system/HALMX/STM32F4xx_HAL_Driver/Src/stm32f4xx_hal_sai_ex.c">
			<Option compilerVar="CC" />
			<Option target="libhal-f401xe-8m" />
			<Option target="libhal-f411xe-8m" />
		</Unit>
		<Unit filename="system/HALMX/STM32F4xx_HAL_Driver/Src/stm32f4xx_hal_sd.c">
			<Option compilerVar="CC" />
			<Option target="libhal-f401xe-8m" />
			<Option target="libhal-f411xe-8m" />
		</Unit>
		<Unit filename="system/HALMX/STM32F4xx_HAL_Driver/Src/stm32f4xx_hal_sdram.c">
			<Option compilerVar="CC" />
			<Option target="libhal-f401xe-8m" />
			<Option target="libhal-f411xe-8m" />
		</Unit>
		<Unit filename="system/HALMX/STM32F4xx_HAL_Driver/Src/stm32f4xx_hal_smartcard.c">
			<Option compilerVar="CC" />
			<Option target="libhal-f401xe-8m" />
			<Option target="libhal-f411xe-8m" />
		</Unit>
		<Unit filename="system/HALMX/STM32F4xx_HAL_Driver/Src/stm32f4xx_hal_spdifrx.c">
			<Option compilerVar="CC" />
			<Option target="libhal-f401xe-8m" />
			<Option target="libhal-f411xe-8m" />
		</Unit>
		<Unit filename="system/HALMX/STM32F4xx_HAL_Driver/Src/stm32f4xx_hal_spi.c">
			<Option compilerVar="CC" />
			<Option target="libhal-f401xe-8m" />
			<Option target="libhal-f411xe-8m" />
		</Unit>
		<Unit filename="system/HALMX/STM32F4xx_HAL_Driver/Src/stm32f4xx_hal_sram.c">
			<Option compilerVar="CC" />
			<Option target="libhal-f401xe-8m" />
			<Option target="libhal-f411xe-8m" />
		</Unit>
		<Unit filename="system/HALMX/STM32F4xx_HAL_Driver/Src/stm32f4xx_hal_tim.c">
			<Option compilerVar="CC" />
			<Option target="libhal-f401xe-8m" />
			<Option target="libhal-f411xe-8m" />
		</Unit>
		<Unit filename="system/HALMX/STM32F4xx_HAL_Driver/Src/stm32f4xx_hal_tim_ex.c">
			<Option compilerVar="CC" />
			<Option target="libhal-f401xe-8m" />
			<Option target="libhal-f411xe-8m" />
		</Unit>
		<Unit filename="system/HALMX/STM32F4xx_HAL_Driver/Src/stm32f4xx_hal_uart.c">
			<Option compilerVar="CC" />
			<Option target="libhal-f401xe-8m" />
			<Option target="libhal-f411xe-8m" />
		</Unit>
		<Unit filename="system/HALMX/STM32F4xx_HAL_Driver/Src/stm32f4xx_hal_usart.c">
			<Option compilerVar="CC" />
			<Option target="libhal-f401xe-8m" />
			<Option target="libhal-f411xe-8m" />
		</Unit>
		<Unit filename="system/HALMX/STM32F4xx_HAL_Driver/Src/stm32f4xx_hal_wwdg.c">
			<Option compilerVar="CC" />
			<Option target="libhal-f401xe-8m" />
			<Option target="libhal-f411xe-8m" />
		</Unit>
		<Unit filename="system/HALMX/STM32F4xx_HAL_Driver/Src/stm32f4xx_ll_fmc.c">
			<Option compilerVar="CC" />
			<Option target="libhal-f401xe-8m" />
			<Option target="libhal-f411xe-8m" />
		</Unit>
		<Unit filename="system/HALMX/STM32F4xx_HAL_Driver/Src/stm32f4xx_ll_fsmc.c">
			<Option compilerVar="CC" />
			<Option target="libhal-f401xe-8m" />
			<Option target="libhal-f411xe-8m" />
		</Unit>
		<Unit filename="system/HALMX/STM32F4xx_HAL_Driver/Src/stm32f4xx_ll_sdmmc.c">
			<Option compilerVar="CC" />
			<Option target="libhal-f401xe-8m" />
			<Option target="libhal-f411xe-8m" />
		</Unit>
		<Unit filename="system/HALMX/STM32F4xx_HAL_Driver/Src/stm32f4xx_ll_usb.c">
			<Option compilerVar="CC" />
			<Option target="libhal-f401xe-8m" />
			<Option target="libhal-f411xe-8m" />
		</Unit>
		<Unit filename="system/HALMX/STM32L4xx_HAL_Driver/Inc/Legacy/stm32_hal_legacy.h">
			<Option target="libhal-l476xx-8m" />
		</Unit>
		<Unit filename="system/HALMX/STM32L4xx_HAL_Driver/Inc/stm32_assert_template.h">
			<Option target="libhal-l476xx-8m" />
		</Unit>
		<Unit filename="system/HALMX/STM32L4xx_HAL_Driver/Inc/stm32l4xx_hal.h">
			<Option target="libhal-l476xx-8m" />
		</Unit>
		<Unit filename="system/HALMX/STM32L4xx_HAL_Driver/Inc/stm32l4xx_hal_adc.h">
			<Option target="libhal-l476xx-8m" />
		</Unit>
		<Unit filename="system/HALMX/STM32L4xx_HAL_Driver/Inc/stm32l4xx_hal_adc_ex.h">
			<Option target="libhal-l476xx-8m" />
		</Unit>
		<Unit filename="system/HALMX/STM32L4xx_HAL_Driver/Inc/stm32l4xx_hal_can.h">
			<Option target="libhal-l476xx-8m" />
		</Unit>
		<Unit filename="system/HALMX/STM32L4xx_HAL_Driver/Inc/stm32l4xx_hal_comp.h">
			<Option target="libhal-l476xx-8m" />
		</Unit>
		<Unit filename="system/HALMX/STM32L4xx_HAL_Driver/Inc/stm32l4xx_hal_conf.h">
			<Option target="libhal-l476xx-8m" />
		</Unit>
		<Unit filename="system/HALMX/STM32L4xx_HAL_Driver/Inc/stm32l4xx_hal_cortex.h">
			<Option target="libhal-l476xx-8m" />
		</Unit>
		<Unit filename="system/HALMX/STM32L4xx_HAL_Driver/Inc/stm32l4xx_hal_crc.h">
			<Option target="libhal-l476xx-8m" />
		</Unit>
		<Unit filename="system/HALMX/STM32L4xx_HAL_Driver/Inc/stm32l4xx_hal_crc_ex.h">
			<Option target="libhal-l476xx-8m" />
		</Unit>
		<Unit filename="system/HALMX/STM32L4xx_HAL_Driver/Inc/stm32l4xx_hal_cryp.h">
			<Option target="libhal-l476xx-8m" />
		</Unit>
		<Unit filename="system/HALMX/STM32L4xx_HAL_Driver/Inc/stm32l4xx_hal_cryp_ex.h">
			<Option target="libhal-l476xx-8m" />
		</Unit>
		<Unit filename="system/HALMX/STM32L4xx_HAL_Driver/Inc/stm32l4xx_hal_dac.h">
			<Option target="libhal-l476xx-8m" />
		</Unit>
		<Unit filename="system/HALMX/STM32L4xx_HAL_Driver/Inc/stm32l4xx_hal_dac_ex.h">
			<Option target="libhal-l476xx-8m" />
		</Unit>
		<Unit filename="system/HALMX/STM32L4xx_HAL_Driver/Inc/stm32l4xx_hal_def.h">
			<Option target="libhal-l476xx-8m" />
		</Unit>
		<Unit filename="system/HALMX/STM32L4xx_HAL_Driver/Inc/stm32l4xx_hal_dfsdm.h">
			<Option target="libhal-l476xx-8m" />
		</Unit>
		<Unit filename="system/HALMX/STM32L4xx_HAL_Driver/Inc/stm32l4xx_hal_dma.h">
			<Option target="libhal-l476xx-8m" />
		</Unit>
		<Unit filename="system/HALMX/STM32L4xx_HAL_Driver/Inc/stm32l4xx_hal_firewall.h">
			<Option target="libhal-l476xx-8m" />
		</Unit>
		<Unit filename="system/HALMX/STM32L4xx_HAL_Driver/Inc/stm32l4xx_hal_flash.h">
			<Option target="libhal-l476xx-8m" />
		</Unit>
		<Unit filename="system/HALMX/STM32L4xx_HAL_Driver/Inc/stm32l4xx_hal_flash_ex.h">
			<Option target="libhal-l476xx-8m" />
		</Unit>
		<Unit filename="system/HALMX/STM32L4xx_HAL_Driver/Inc/stm32l4xx_hal_flash_ramfunc.h">
			<Option target="libhal-l476xx-8m" />
		</Unit>
		<Unit filename="system/HALMX/STM32L4xx_HAL_Driver/Inc/stm32l4xx_hal_gpio.h">
			<Option target="libhal-l476xx-8m" />
		</Unit>
		<Unit filename="system/HALMX/STM32L4xx_HAL_Driver/Inc/stm32l4xx_hal_gpio_ex.h">
			<Option target="libhal-l476xx-8m" />
		</Unit>
		<Unit filename="system/HALMX/STM32L4xx_HAL_Driver/Inc/stm32l4xx_hal_hcd.h">
			<Option target="libhal-l476xx-8m" />
		</Unit>
		<Unit filename="system/HALMX/STM32L4xx_HAL_Driver/Inc/stm32l4xx_hal_i2c.h">
			<Option target="libhal-l476xx-8m" />
		</Unit>
		<Unit filename="system/HALMX/STM32L4xx_HAL_Driver/Inc/stm32l4xx_hal_i2c_ex.h">
			<Option target="libhal-l476xx-8m" />
		</Unit>
		<Unit filename="system/HALMX/STM32L4xx_HAL_Driver/Inc/stm32l4xx_hal_irda.h">
			<Option target="libhal-l476xx-8m" />
		</Unit>
		<Unit filename="system/HALMX/STM32L4xx_HAL_Driver/Inc/stm32l4xx_hal_irda_ex.h">
			<Option target="libhal-l476xx-8m" />
		</Unit>
		<Unit filename="system/HALMX/STM32L4xx_HAL_Driver/Inc/stm32l4xx_hal_iwdg.h">
			<Option target="libhal-l476xx-8m" />
		</Unit>
		<Unit filename="system/HALMX/STM32L4xx_HAL_Driver/Inc/stm32l4xx_hal_lcd.h">
			<Option target="libhal-l476xx-8m" />
		</Unit>
		<Unit filename="system/HALMX/STM32L4xx_HAL_Driver/Inc/stm32l4xx_hal_lptim.h">
			<Option target="libhal-l476xx-8m" />
		</Unit>
		<Unit filename="system/HALMX/STM32L4xx_HAL_Driver/Inc/stm32l4xx_hal_nand.h">
			<Option target="libhal-l476xx-8m" />
		</Unit>
		<Unit filename="system/HALMX/STM32L4xx_HAL_Driver/Inc/stm32l4xx_hal_nor.h">
			<Option target="libhal-l476xx-8m" />
		</Unit>
		<Unit filename="system/HALMX/STM32L4xx_HAL_Driver/Inc/stm32l4xx_hal_opamp.h">
			<Option target="libhal-l476xx-8m" />
		</Unit>
		<Unit filename="system/HALMX/STM32L4xx_HAL_Driver/Inc/stm32l4xx_hal_opamp_ex.h">
			<Option target="libhal-l476xx-8m" />
		</Unit>
		<Unit filename="system/HALMX/STM32L4xx_HAL_Driver/Inc/stm32l4xx_hal_pcd.h">
			<Option target="libhal-l476xx-8m" />
		</Unit>
		<Unit filename="system/HALMX/STM32L4xx_HAL_Driver/Inc/stm32l4xx_hal_pcd_ex.h">
			<Option target="libhal-l476xx-8m" />
		</Unit>
		<Unit filename="system/HALMX/STM32L4xx_HAL_Driver/Inc/stm32l4xx_hal_pwr.h">
			<Option target="libhal-l476xx-8m" />
		</Unit>
		<Unit filename="system/HALMX/STM32L4xx_HAL_Driver/Inc/stm32l4xx_hal_pwr_ex.h">
			<Option target="libhal-l476xx-8m" />
		</Unit>
		<Unit filename="system/HALMX/STM32L4xx_HAL_Driver/Inc/stm32l4xx_hal_qspi.h">
			<Option target="libhal-l476xx-8m" />
		</Unit>
		<Unit filename="system/HALMX/STM32L4xx_HAL_Driver/Inc/stm32l4xx_hal_rcc.h">
			<Option target="libhal-l476xx-8m" />
		</Unit>
		<Unit filename="system/HALMX/STM32L4xx_HAL_Driver/Inc/stm32l4xx_hal_rcc_ex.h">
			<Option target="libhal-l476xx-8m" />
		</Unit>
		<Unit filename="system/HALMX/STM32L4xx_HAL_Driver/Inc/stm32l4xx_hal_rng.h">
			<Option target="libhal-l476xx-8m" />
		</Unit>
		<Unit filename="system/HALMX/STM32L4xx_HAL_Driver/Inc/stm32l4xx_hal_rtc.h">
			<Option target="libhal-l476xx-8m" />
		</Unit>
		<Unit filename="system/HALMX/STM32L4xx_HAL_Driver/Inc/stm32l4xx_hal_rtc_ex.h">
			<Option target="libhal-l476xx-8m" />
		</Unit>
		<Unit filename="system/HALMX/STM32L4xx_HAL_Driver/Inc/stm32l4xx_hal_sai.h">
			<Option target="libhal-l476xx-8m" />
		</Unit>
		<Unit filename="system/HALMX/STM32L4xx_HAL_Driver/Inc/stm32l4xx_hal_sd.h">
			<Option target="libhal-l476xx-8m" />
		</Unit>
		<Unit filename="system/HALMX/STM32L4xx_HAL_Driver/Inc/stm32l4xx_hal_smartcard.h">
			<Option target="libhal-l476xx-8m" />
		</Unit>
		<Unit filename="system/HALMX/STM32L4xx_HAL_Driver/Inc/stm32l4xx_hal_smartcard_ex.h">
			<Option target="libhal-l476xx-8m" />
		</Unit>
		<Unit filename="system/HALMX/STM32L4xx_HAL_Driver/Inc/stm32l4xx_hal_smbus.h">
			<Option target="libhal-l476xx-8m" />
		</Unit>
		<Unit filename="system/HALMX/STM32L4xx_HAL_Driver/Inc/stm32l4xx_hal_spi.h">
			<Option target="libhal-l476xx-8m" />
		</Unit>
		<Unit filename="system/HALMX/STM32L4xx_HAL_Driver/Inc/stm32l4xx_hal_spi_ex.h">
			<Option target="libhal-l476xx-8m" />
		</Unit>
		<Unit filename="system/HALMX/STM32L4xx_HAL_Driver/Inc/stm32l4xx_hal_sram.h">
			<Option target="libhal-l476xx-8m" />
		</Unit>
		<Unit filename="system/HALMX/STM32L4xx_HAL_Driver/Inc/stm32l4xx_hal_swpmi.h">
			<Option target="libhal-l476xx-8m" />
		</Unit>
		<Unit filename="system/HALMX/STM32L4xx_HAL_Driver/Inc/stm32l4xx_hal_tim.h">
			<Option target="libhal-l476xx-8m" />
		</Unit>
		<Unit filename="system/HALMX/STM32L4xx_HAL_Driver/Inc/stm32l4xx_hal_tim_ex.h">
			<Option target="libhal-l476xx-8m" />
		</Unit>
		<Unit filename="system/HALMX/STM32L4xx_HAL_Driver/Inc/stm32l4xx_hal_tsc.h">
			<Option target="libhal-l476xx-8m" />
		</Unit>
		<Unit filename="system/HALMX/STM32L4xx_HAL_Driver/Inc/stm32l4xx_hal_uart.h">
			<Option target="libhal-l476xx-8m" />
		</Unit>
		<Unit filename="system/HALMX/STM32L4xx_HAL_Driver/Inc/stm32l4xx_hal_uart_ex.h">
			<Option target="libhal-l476xx-8m" />
		</Unit>
		<Unit filename="system/HALMX/STM32L4xx_HAL_Driver/Inc/stm32l4xx_hal_usart.h">
			<Option target="libhal-l476xx-8m" />
		</Unit>
		<Unit filename="system/HALMX/STM32L4xx_HAL_Driver/Inc/stm32l4xx_hal_usart_ex.h">
			<Option target="libhal-l476xx-8m" />
		</Unit>
		<Unit filename="system/HALMX/STM32L4xx_HAL_Driver/Inc/stm32l4xx_hal_wwdg.h">
			<Option target="libhal-l476xx-8m" />
		</Unit>
		<Unit filename="system/HALMX/STM32L4xx_HAL_Driver/Inc/stm32l4xx_ll_adc.h">
			<Option target="libhal-l476xx-8m" />
		</Unit>
		<Unit filename="system/HALMX/STM32L4xx_HAL_Driver/Inc/stm32l4xx_ll_bus.h">
			<Option target="libhal-l476xx-8m" />
		</Unit>
		<Unit filename="system/HALMX/STM32L4xx_HAL_Driver/Inc/stm32l4xx_ll_comp.h">
			<Option target="libhal-l476xx-8m" />
		</Unit>
		<Unit filename="system/HALMX/STM32L4xx_HAL_Driver/Inc/stm32l4xx_ll_cortex.h">
			<Option target="libhal-l476xx-8m" />
		</Unit>
		<Unit filename="system/HALMX/STM32L4xx_HAL_Driver/Inc/stm32l4xx_ll_crc.h">
			<Option target="libhal-l476xx-8m" />
		</Unit>
		<Unit filename="system/HALMX/STM32L4xx_HAL_Driver/Inc/stm32l4xx_ll_crs.h">
			<Option target="libhal-l476xx-8m" />
		</Unit>
		<Unit filename="system/HALMX/STM32L4xx_HAL_Driver/Inc/stm32l4xx_ll_dac.h">
			<Option target="libhal-l476xx-8m" />
		</Unit>
		<Unit filename="system/HALMX/STM32L4xx_HAL_Driver/Inc/stm32l4xx_ll_dma.h">
			<Option target="libhal-l476xx-8m" />
		</Unit>
		<Unit filename="system/HALMX/STM32L4xx_HAL_Driver/Inc/stm32l4xx_ll_exti.h">
			<Option target="libhal-l476xx-8m" />
		</Unit>
		<Unit filename="system/HALMX/STM32L4xx_HAL_Driver/Inc/stm32l4xx_ll_fmc.h">
			<Option target="libhal-l476xx-8m" />
		</Unit>
		<Unit filename="system/HALMX/STM32L4xx_HAL_Driver/Inc/stm32l4xx_ll_gpio.h">
			<Option target="libhal-l476xx-8m" />
		</Unit>
		<Unit filename="system/HALMX/STM32L4xx_HAL_Driver/Inc/stm32l4xx_ll_i2c.h">
			<Option target="libhal-l476xx-8m" />
		</Unit>
		<Unit filename="system/HALMX/STM32L4xx_HAL_Driver/Inc/stm32l4xx_ll_iwdg.h">
			<Option target="libhal-l476xx-8m" />
		</Unit>
		<Unit filename="system/HALMX/STM32L4xx_HAL_Driver/Inc/stm32l4xx_ll_lptim.h">
			<Option target="libhal-l476xx-8m" />
		</Unit>
		<Unit filename="system/HALMX/STM32L4xx_HAL_Driver/Inc/stm32l4xx_ll_lpuart.h">
			<Option target="libhal-l476xx-8m" />
		</Unit>
		<Unit filename="system/HALMX/STM32L4xx_HAL_Driver/Inc/stm32l4xx_ll_opamp.h">
			<Option target="libhal-l476xx-8m" />
		</Unit>
		<Unit filename="system/HALMX/STM32L4xx_HAL_Driver/Inc/stm32l4xx_ll_pwr.h">
			<Option target="libhal-l476xx-8m" />
		</Unit>
		<Unit filename="system/HALMX/STM32L4xx_HAL_Driver/Inc/stm32l4xx_ll_rcc.h">
			<Option target="libhal-l476xx-8m" />
		</Unit>
		<Unit filename="system/HALMX/STM32L4xx_HAL_Driver/Inc/stm32l4xx_ll_rng.h">
			<Option target="libhal-l476xx-8m" />
		</Unit>
		<Unit filename="system/HALMX/STM32L4xx_HAL_Driver/Inc/stm32l4xx_ll_rtc.h">
			<Option target="libhal-l476xx-8m" />
		</Unit>
		<Unit filename="system/HALMX/STM32L4xx_HAL_Driver/Inc/stm32l4xx_ll_sdmmc.h">
			<Option target="libhal-l476xx-8m" />
		</Unit>
		<Unit filename="system/HALMX/STM32L4xx_HAL_Driver/Inc/stm32l4xx_ll_spi.h">
			<Option target="libhal-l476xx-8m" />
		</Unit>
		<Unit filename="system/HALMX/STM32L4xx_HAL_Driver/Inc/stm32l4xx_ll_swpmi.h">
			<Option target="libhal-l476xx-8m" />
		</Unit>
		<Unit filename="system/HALMX/STM32L4xx_HAL_Driver/Inc/stm32l4xx_ll_system.h">
			<Option target="libhal-l476xx-8m" />
		</Unit>
		<Unit filename="system/HALMX/STM32L4xx_HAL_Driver/Inc/stm32l4xx_ll_tim.h">
			<Option target="libhal-l476xx-8m" />
		</Unit>
		<Unit filename="system/HALMX/STM32L4xx_HAL_Driver/Inc/stm32l4xx_ll_usart.h">
			<Option target="libhal-l476xx-8m" />
		</Unit>
		<Unit filename="system/HALMX/STM32L4xx_HAL_Driver/Inc/stm32l4xx_ll_usb.h">
			<Option target="libhal-l476xx-8m" />
		</Unit>
		<Unit filename="system/HALMX/STM32L4xx_HAL_Driver/Inc/stm32l4xx_ll_utils.h">
			<Option target="libhal-l476xx-8m" />
		</Unit>
		<Unit filename="system/HALMX/STM32L4xx_HAL_Driver/Inc/stm32l4xx_ll_wwdg.h">
			<Option target="libhal-l476xx-8m" />
		</Unit>
		<Unit filename="system/HALMX/STM32L4xx_HAL_Driver/Src/stm32l4xx_hal.c">
			<Option compilerVar="CC" />
			<Option target="libhal-l476xx-8m" />
		</Unit>
		<Unit filename="system/HALMX/STM32L4xx_HAL_Driver/Src/stm32l4xx_hal_adc.c">
			<Option compilerVar="CC" />
			<Option target="libhal-l476xx-8m" />
		</Unit>
		<Unit filename="system/HALMX/STM32L4xx_HAL_Driver/Src/stm32l4xx_hal_adc_ex.c">
			<Option compilerVar="CC" />
			<Option target="libhal-l476xx-8m" />
		</Unit>
		<Unit filename="system/HALMX/STM32L4xx_HAL_Driver/Src/stm32l4xx_hal_can.c">
			<Option compilerVar="CC" />
			<Option target="libhal-l476xx-8m" />
		</Unit>
		<Unit filename="system/HALMX/STM32L4xx_HAL_Driver/Src/stm32l4xx_hal_comp.c">
			<Option compilerVar="CC" />
			<Option target="libhal-l476xx-8m" />
		</Unit>
		<Unit filename="system/HALMX/STM32L4xx_HAL_Driver/Src/stm32l4xx_hal_cortex.c">
			<Option compilerVar="CC" />
			<Option target="libhal-l476xx-8m" />
		</Unit>
		<Unit filename="system/HALMX/STM32L4xx_HAL_Driver/Src/stm32l4xx_hal_crc.c">
			<Option compilerVar="CC" />
			<Option target="libhal-l476xx-8m" />
		</Unit>
		<Unit filename="system/HALMX/STM32L4xx_HAL_Driver/Src/stm32l4xx_hal_crc_ex.c">
			<Option compilerVar="CC" />
			<Option target="libhal-l476xx-8m" />
		</Unit>
		<Unit filename="system/HALMX/STM32L4xx_HAL_Driver/Src/stm32l4xx_hal_cryp.c">
			<Option compilerVar="CC" />
			<Option target="libhal-l476xx-8m" />
		</Unit>
		<Unit filename="system/HALMX/STM32L4xx_HAL_Driver/Src/stm32l4xx_hal_cryp_ex.c">
			<Option compilerVar="CC" />
			<Option target="libhal-l476xx-8m" />
		</Unit>
		<Unit filename="system/HALMX/STM32L4xx_HAL_Driver/Src/stm32l4xx_hal_dac.c">
			<Option compilerVar="CC" />
			<Option target="libhal-l476xx-8m" />
		</Unit>
		<Unit filename="system/HALMX/STM32L4xx_HAL_Driver/Src/stm32l4xx_hal_dac_ex.c">
			<Option compilerVar="CC" />
			<Option target="libhal-l476xx-8m" />
		</Unit>
		<Unit filename="system/HALMX/STM32L4xx_HAL_Driver/Src/stm32l4xx_hal_dfsdm.c">
			<Option compilerVar="CC" />
			<Option target="libhal-l476xx-8m" />
		</Unit>
		<Unit filename="system/HALMX/STM32L4xx_HAL_Driver/Src/stm32l4xx_hal_dma.c">
			<Option compilerVar="CC" />
			<Option target="libhal-l476xx-8m" />
		</Unit>
		<Unit filename="system/HALMX/STM32L4xx_HAL_Driver/Src/stm32l4xx_hal_firewall.c">
			<Option compilerVar="CC" />
			<Option target="libhal-l476xx-8m" />
		</Unit>
		<Unit filename="system/HALMX/STM32L4xx_HAL_Driver/Src/stm32l4xx_hal_flash.c">
			<Option compilerVar="CC" />
			<Option target="libhal-l476xx-8m" />
		</Unit>
		<Unit filename="system/HALMX/STM32L4xx_HAL_Driver/Src/stm32l4xx_hal_flash_ex.c">
			<Option compilerVar="CC" />
			<Option target="libhal-l476xx-8m" />
		</Unit>
		<Unit filename="system/HALMX/STM32L4xx_HAL_Driver/Src/stm32l4xx_hal_flash_ramfunc.c">
			<Option compilerVar="CC" />
			<Option target="libhal-l476xx-8m" />
		</Unit>
		<Unit filename="system/HALMX/STM32L4xx_HAL_Driver/Src/stm32l4xx_hal_gpio.c">
			<Option compilerVar="CC" />
			<Option target="libhal-l476xx-8m" />
		</Unit>
		<Unit filename="system/HALMX/STM32L4xx_HAL_Driver/Src/stm32l4xx_hal_hcd.c">
			<Option compilerVar="CC" />
			<Option target="libhal-l476xx-8m" />
		</Unit>
		<Unit filename="system/HALMX/STM32L4xx_HAL_Driver/Src/stm32l4xx_hal_i2c.c">
			<Option compilerVar="CC" />
			<Option target="libhal-l476xx-8m" />
		</Unit>
		<Unit filename="system/HALMX/STM32L4xx_HAL_Driver/Src/stm32l4xx_hal_i2c_ex.c">
			<Option compilerVar="CC" />
			<Option target="libhal-l476xx-8m" />
		</Unit>
		<Unit filename="system/HALMX/STM32L4xx_HAL_Driver/Src/stm32l4xx_hal_irda.c">
			<Option compilerVar="CC" />
			<Option target="libhal-l476xx-8m" />
		</Unit>
		<Unit filename="system/HALMX/STM32L4xx_HAL_Driver/Src/stm32l4xx_hal_iwdg.c">
			<Option compilerVar="CC" />
			<Option target="libhal-l476xx-8m" />
		</Unit>
		<Unit filename="system/HALMX/STM32L4xx_HAL_Driver/Src/stm32l4xx_hal_lcd.c">
			<Option compilerVar="CC" />
			<Option target="libhal-l476xx-8m" />
		</Unit>
		<Unit filename="system/HALMX/STM32L4xx_HAL_Driver/Src/stm32l4xx_hal_lptim.c">
			<Option compilerVar="CC" />
			<Option target="libhal-l476xx-8m" />
		</Unit>
		<Unit filename="system/HALMX/STM32L4xx_HAL_Driver/Src/stm32l4xx_hal_msp_template.c">
			<Option compilerVar="CC" />
			<Option target="libhal-l476xx-8m" />
		</Unit>
		<Unit filename="system/HALMX/STM32L4xx_HAL_Driver/Src/stm32l4xx_hal_nand.c">
			<Option compilerVar="CC" />
			<Option target="libhal-l476xx-8m" />
		</Unit>
		<Unit filename="system/HALMX/STM32L4xx_HAL_Driver/Src/stm32l4xx_hal_nor.c">
			<Option compilerVar="CC" />
			<Option target="libhal-l476xx-8m" />
		</Unit>
		<Unit filename="system/HALMX/STM32L4xx_HAL_Driver/Src/stm32l4xx_hal_opamp.c">
			<Option compilerVar="CC" />
			<Option target="libhal-l476xx-8m" />
		</Unit>
		<Unit filename="system/HALMX/STM32L4xx_HAL_Driver/Src/stm32l4xx_hal_opamp_ex.c">
			<Option compilerVar="CC" />
			<Option target="libhal-l476xx-8m" />
		</Unit>
		<Unit filename="system/HALMX/STM32L4xx_HAL_Driver/Src/stm32l4xx_hal_pcd.c">
			<Option compilerVar="CC" />
			<Option target="libhal-l476xx-8m" />
		</Unit>
		<Unit filename="system/HALMX/STM32L4xx_HAL_Driver/Src/stm32l4xx_hal_pcd_ex.c">
			<Option compilerVar="CC" />
			<Option target="libhal-l476xx-8m" />
		</Unit>
		<Unit filename="system/HALMX/STM32L4xx_HAL_Driver/Src/stm32l4xx_hal_pwr.c">
			<Option compilerVar="CC" />
			<Option target="libhal-l476xx-8m" />
		</Unit>
		<Unit filename="system/HALMX/STM32L4xx_HAL_Driver/Src/stm32l4xx_hal_pwr_ex.c">
			<Option compilerVar="CC" />
			<Option target="libhal-l476xx-8m" />
		</Unit>
		<Unit filename="system/HALMX/STM32L4xx_HAL_Driver/Src/stm32l4xx_hal_qspi.c">
			<Option compilerVar="CC" />
			<Option target="libhal-l476xx-8m" />
		</Unit>
		<Unit filename="system/HALMX/STM32L4xx_HAL_Driver/Src/stm32l4xx_hal_rcc.c">
			<Option compilerVar="CC" />
			<Option target="libhal-l476xx-8m" />
		</Unit>
		<Unit filename="system/HALMX/STM32L4xx_HAL_Driver/Src/stm32l4xx_hal_rcc_ex.c">
			<Option compilerVar="CC" />
			<Option target="libhal-l476xx-8m" />
		</Unit>
		<Unit filename="system/HALMX/STM32L4xx_HAL_Driver/Src/stm32l4xx_hal_rng.c">
			<Option compilerVar="CC" />
			<Option target="libhal-l476xx-8m" />
		</Unit>
		<Unit filename="system/HALMX/STM32L4xx_HAL_Driver/Src/stm32l4xx_hal_rtc.c">
			<Option compilerVar="CC" />
			<Option target="libhal-l476xx-8m" />
		</Unit>
		<Unit filename="system/HALMX/STM32L4xx_HAL_Driver/Src/stm32l4xx_hal_rtc_ex.c">
			<Option compilerVar="CC" />
			<Option target="libhal-l476xx-8m" />
		</Unit>
		<Unit filename="system/HALMX/STM32L4xx_HAL_Driver/Src/stm32l4xx_hal_sai.c">
			<Option compilerVar="CC" />
			<Option target="libhal-l476xx-8m" />
		</Unit>
		<Unit filename="system/HALMX/STM32L4xx_HAL_Driver/Src/stm32l4xx_hal_sd.c">
			<Option compilerVar="CC" />
			<Option target="libhal-l476xx-8m" />
		</Unit>
		<Unit filename="system/HALMX/STM32L4xx_HAL_Driver/Src/stm32l4xx_hal_smartcard.c">
			<Option compilerVar="CC" />
			<Option target="libhal-l476xx-8m" />
		</Unit>
		<Unit filename="system/HALMX/STM32L4xx_HAL_Driver/Src/stm32l4xx_hal_smartcard_ex.c">
			<Option compilerVar="CC" />
			<Option target="libhal-l476xx-8m" />
		</Unit>
		<Unit filename="system/HALMX/STM32L4xx_HAL_Driver/Src/stm32l4xx_hal_smbus.c">
			<Option compilerVar="CC" />
			<Option target="libhal-l476xx-8m" />
		</Unit>
		<Unit filename="system/HALMX/STM32L4xx_HAL_Driver/Src/stm32l4xx_hal_spi.c">
			<Option compilerVar="CC" />
			<Option target="libhal-l476xx-8m" />
		</Unit>
		<Unit filename="system/HALMX/STM32L4xx_HAL_Driver/Src/stm32l4xx_hal_spi_ex.c">
			<Option compilerVar="CC" />
			<Option target="libhal-l476xx-8m" />
		</Unit>
		<Unit filename="system/HALMX/STM32L4xx_HAL_Driver/Src/stm32l4xx_hal_sram.c">
			<Option compilerVar="CC" />
			<Option target="libhal-l476xx-8m" />
		</Unit>
		<Unit filename="system/HALMX/STM32L4xx_HAL_Driver/Src/stm32l4xx_hal_swpmi.c">
			<Option compilerVar="CC" />
			<Option target="libhal-l476xx-8m" />
		</Unit>
		<Unit filename="system/HALMX/STM32L4xx_HAL_Driver/Src/stm32l4xx_hal_tim.c">
			<Option compilerVar="CC" />
			<Option target="libhal-l476xx-8m" />
		</Unit>
		<Unit filename="system/HALMX/STM32L4xx_HAL_Driver/Src/stm32l4xx_hal_tim_ex.c">
			<Option compilerVar="CC" />
			<Option target="libhal-l476xx-8m" />
		</Unit>
		<Unit filename="system/HALMX/STM32L4xx_HAL_Driver/Src/stm32l4xx_hal_tsc.c">
			<Option compilerVar="CC" />
			<Option target="libhal-l476xx-8m" />
		</Unit>
		<Unit filename="system/HALMX/STM32L4xx_HAL_Driver/Src/stm32l4xx_hal_uart.c">
			<Option compilerVar="CC" />
			<Option target="libhal-l476xx-8m" />
		</Unit>
		<Unit filename="system/HALMX/STM32L4xx_HAL_Driver/Src/stm32l4xx_hal_uart_ex.c">
			<Option compilerVar="CC" />
			<Option target="libhal-l476xx-8m" />
		</Unit>
		<Unit filename="system/HALMX/STM32L4xx_HAL_Driver/Src/stm32l4xx_hal_usart.c">
			<Option compilerVar="CC" />
			<Option target="libhal-l476xx-8m" />
		</Unit>
		<Unit filename="system/HALMX/STM32L4xx_HAL_Driver/Src/stm32l4xx_hal_wwdg.c">
			<Option compilerVar="CC" />
			<Option target="libhal-l476xx-8m" />
		</Unit>
		<Unit filename="system/HALMX/STM32L4xx_HAL_Driver/Src/stm32l4xx_ll_adc.c">
			<Option compilerVar="CC" />
			<Option target="libhal-l476xx-8m" />
		</Unit>
		<Unit filename="system/HALMX/STM32L4xx_HAL_Driver/Src/stm32l4xx_ll_comp.c">
			<Option compilerVar="CC" />
			<Option target="libhal-l476xx-8m" />
		</Unit>
		<Unit filename="system/HALMX/STM32L4xx_HAL_Driver/Src/stm32l4xx_ll_crc.c">
			<Option compilerVar="CC" />
			<Option target="libhal-l476xx-8m" />
		</Unit>
		<Unit filename="system/HALMX/STM32L4xx_HAL_Driver/Src/stm32l4xx_ll_crs.c">
			<Option compilerVar="CC" />
			<Option target="libhal-l476xx-8m" />
		</Unit>
		<Unit filename="system/HALMX/STM32L4xx_HAL_Driver/Src/stm32l4xx_ll_dac.c">
			<Option compilerVar="CC" />
			<Option target="libhal-l476xx-8m" />
		</Unit>
		<Unit filename="system/HALMX/STM32L4xx_HAL_Driver/Src/stm32l4xx_ll_dma.c">
			<Option compilerVar="CC" />
			<Option target="libhal-l476xx-8m" />
		</Unit>
		<Unit filename="system/HALMX/STM32L4xx_HAL_Driver/Src/stm32l4xx_ll_exti.c">
			<Option compilerVar="CC" />
			<Option target="libhal-l476xx-8m" />
		</Unit>
		<Unit filename="system/HALMX/STM32L4xx_HAL_Driver/Src/stm32l4xx_ll_fmc.c">
			<Option compilerVar="CC" />
			<Option target="libhal-l476xx-8m" />
		</Unit>
		<Unit filename="system/HALMX/STM32L4xx_HAL_Driver/Src/stm32l4xx_ll_gpio.c">
			<Option compilerVar="CC" />
			<Option target="libhal-l476xx-8m" />
		</Unit>
		<Unit filename="system/HALMX/STM32L4xx_HAL_Driver/Src/stm32l4xx_ll_i2c.c">
			<Option compilerVar="CC" />
			<Option target="libhal-l476xx-8m" />
		</Unit>
		<Unit filename="system/HALMX/STM32L4xx_HAL_Driver/Src/stm32l4xx_ll_lptim.c">
			<Option compilerVar="CC" />
			<Option target="libhal-l476xx-8m" />
		</Unit>
		<Unit filename="system/HALMX/STM32L4xx_HAL_Driver/Src/stm32l4xx_ll_lpuart.c">
			<Option compilerVar="CC" />
			<Option target="libhal-l476xx-8m" />
		</Unit>
		<Unit filename="system/HALMX/STM32L4xx_HAL_Driver/Src/stm32l4xx_ll_opamp.c">
			<Option compilerVar="CC" />
			<Option target="libhal-l476xx-8m" />
		</Unit>
		<Unit filename="system/HALMX/STM32L4xx_HAL_Driver/Src/stm32l4xx_ll_pwr.c">
			<Option compilerVar="CC" />
			<Option target="libhal-l476xx-8m" />
		</Unit>
		<Unit filename="system/HALMX/STM32L4xx_HAL_Driver/Src/stm32l4xx_ll_rcc.c">
			<Option compilerVar="CC" />
			<Option target="libhal-l476xx-8m" />
		</Unit>
		<Unit filename="system/HALMX/STM32L4xx_HAL_Driver/Src/stm32l4xx_ll_rng.c">
			<Option compilerVar="CC" />
			<Option target="libhal-l476xx-8m" />
		</Unit>
		<Unit filename="system/HALMX/STM32L4xx_HAL_Driver/Src/stm32l4xx_ll_rtc.c">
			<Option compilerVar="CC" />
			<Option target="libhal-l476xx-8m" />
		</Unit>
		<Unit filename="system/HALMX/STM32L4xx_HAL_Driver/Src/stm32l4xx_ll_sdmmc.c">
			<Option compilerVar="CC" />
			<Option target="libhal-l476xx-8m" />
		</Unit>
		<Unit filename="system/HALMX/STM32L4xx_HAL_Driver/Src/stm32l4xx_ll_spi.c">
			<Option compilerVar="CC" />
			<Option target="libhal-l476xx-8m" />
		</Unit>
		<Unit filename="system/HALMX/STM32L4xx_HAL_Driver/Src/stm32l4xx_ll_swpmi.c">
			<Option compilerVar="CC" />
			<Option target="libhal-l476xx-8m" />
		</Unit>
		<Unit filename="system/HALMX/STM32L4xx_HAL_Driver/Src/stm32l4xx_ll_tim.c">
			<Option compilerVar="CC" />
			<Option target="libhal-l476xx-8m" />
		</Unit>
		<Unit filename="system/HALMX/STM32L4xx_HAL_Driver/Src/stm32l4xx_ll_usart.c">
			<Option compilerVar="CC" />
			<Option target="libhal-l476xx-8m" />
		</Unit>
		<Unit filename="system/HALMX/STM32L4xx_HAL_Driver/Src/stm32l4xx_ll_usb.c">
			<Option compilerVar="CC" />
			<Option target="libhal-l476xx-8m" />
		</Unit>
		<Unit filename="system/HALMX/STM32L4xx_HAL_Driver/Src/stm32l4xx_ll_utils.c">
			<Option compilerVar="CC" />
			<Option target="libhal-l476xx-8m" />
		</Unit>
		<Unit filename="system/src/cmsis_nvic.c">
			<Option compilerVar="CC" />
		</Unit>
		<Unit filename="system/src/f1/startup_stm32f103xb.S">
			<Option target="libhal-f103xb-8m" />
		</Unit>
		<Unit filename="system/src/f1/system_stm32f1xx.c">
			<Option compilerVar="CC" />
			<Option target="libhal-f103xb-8m" />
		</Unit>
		<Unit filename="system/src/f4/startup_stm32f401xe.S">
			<Option target="libhal-f401xe-8m" />
		</Unit>
		<Unit filename="system/src/f4/startup_stm32f411xe.S">
			<Option target="libhal-f411xe-8m" />
		</Unit>
		<Unit filename="system/src/f4/system_stm32f4xx.c">
			<Option compilerVar="CC" />
			<Option target="libhal-f401xe-8m" />
			<Option target="libhal-f411xe-8m" />
		</Unit>
		<Unit filename="system/src/l4/startup_stm32l476xx.S">
			<Option target="libhal-l476xx-8m" />
		</Unit>
		<Unit filename="system/src/l4/system_stm32l4xx.c">
			<Option compilerVar="CC" />
			<Option target="libhal-l476xx-8m" />
		</Unit>
		<Extensions>
			<code_completion />
			<envvars />
			<lib_finder disable_auto="1" />
			<debugger />
		</Extensions>
	</Project>
</CodeBlocks_project_file>
