<?xml version="1.0" encoding="UTF-8" standalone="yes" ?>
<CodeBlocks_project_file>
	<FileVersion major="1" minor="6" />
	<Project>
		<Option title="tests" />
		<Option pch_mode="2" />
		<Option compiler="gnu_gcc_compiler_for_arm_5" />
		<Build>
			<Target title="blank-f103xb">
				<Option output="_build/${TARGET_NAME}/${TARGET_NAME}" prefix_auto="1" extension_auto="1" />
				<Option working_dir="" />
				<Option object_output="_build/${TARGET_NAME}" />
				<Option type="5" />
				<Option compiler="gnu_gcc_compiler_for_arm_5" />
				<Compiler>
					<Add option="-mcpu=cortex-m3" />
					<Add option="-msoft-float" />
					<Add option="-mfix-cortex-m3-ldrd" />
					<Add option="-DSTM32F103xB" />
					<Add option="-DHSE_VALUE=8000000U" />
					<Add directory="system/CMSIS/STM32F1xx/Include" />
					<Add directory="system/HALMX/STM32F1xx_HAL_Driver/Inc" />
				</Compiler>
				<Linker>
					<Add option="-mcpu=cortex-m3" />
					<Add option="-msoft-float" />
					<Add option="-mfix-cortex-m3-ldrd" />
					<Add option="-Tstm32f103xb.ld" />
					<Add option="-Wl,--start-group  -lhal-f103xb-8m -lc -lgcc -lnosys -Wl,--end-group" />
				</Linker>
				<ExtraCommands>
					<Add after="arm-none-eabi-size $(TARGET_OUTPUT_FILE)" />
					<Add after="arm-none-eabi-objcopy  -O binary $(TARGET_OUTPUT_FILE) $(TARGET_OUTPUT_DIR)$(TARGET_OUTPUT_BASENAME).bin" />
				</ExtraCommands>
			</Target>
			<Target title="blank-f401xe">
				<Option output="_build/${TARGET_NAME}/${TARGET_NAME}" prefix_auto="1" extension_auto="1" />
				<Option working_dir="" />
				<Option object_output="_build/${TARGET_NAME}" />
				<Option type="5" />
				<Option compiler="gnu_gcc_compiler_for_arm_5" />
				<Compiler>
					<Add option="-mcpu=cortex-m4" />
					<Add option="-mfloat-abi=hard" />
					<Add option="-mfpu=fpv4-sp-d16" />
					<Add option="-DSTM32F401xE" />
					<Add option="-DHSE_VALUE=8000000U" />
					<Add directory="system/CMSIS/STM32F4xx/Include" />
					<Add directory="system/HALMX/STM32F4xx_HAL_Driver/Inc" />
				</Compiler>
				<Linker>
					<Add option="-mcpu=cortex-m4" />
					<Add option="-mfloat-abi=hard" />
					<Add option="-mfpu=fpv4-sp-d16" />
					<Add option="-Tstm32f401xe.ld" />
					<Add option="-Wl,-whole-archive -lhal-f401xe-8m -Wl,-no-whole-archive" />
					<Add option="-lstdc++" />
					<Add option="-lsupc++" />
					<Add option="-lm" />
					<Add option="-lgcc" />
					<Add option="-lc" />
					<Add option="-lnosys" />
				</Linker>
				<ExtraCommands>
					<Add after="arm-none-eabi-size $(TARGET_OUTPUT_FILE)" />
					<Add after="arm-none-eabi-objcopy  -O binary $(TARGET_OUTPUT_FILE) $(TARGET_OUTPUT_DIR)$(TARGET_OUTPUT_BASENAME).bin" />
				</ExtraCommands>
			</Target>
			<Target title="blank-l476xx">
				<Option output="_build/${TARGET_NAME}/${TARGET_NAME}" prefix_auto="1" extension_auto="1" />
				<Option working_dir="" />
				<Option object_output="_build/${TARGET_NAME}" />
				<Option type="5" />
				<Option compiler="gnu_gcc_compiler_for_arm_5" />
				<Compiler>
					<Add option="-mcpu=cortex-m4" />
					<Add option="-mfloat-abi=hard" />
					<Add option="-mfpu=fpv4-sp-d16" />
					<Add option="-DSTM32L476xx" />
					<Add option="-DHSE_VALUE=8000000U" />
					<Add directory="system/CMSIS/STM32L4xx/Include" />
					<Add directory="system/HALMX/STM32L4xx_HAL_Driver/Inc" />
				</Compiler>
				<Linker>
					<Add option="-mcpu=cortex-m4" />
					<Add option="-mfloat-abi=hard" />
					<Add option="-mfpu=fpv4-sp-d16" />
					<Add option="-Tstm32l476xx.ld" />
					<Add option="-Wl,--start-group  -lhal-l476xx-8m -lc -lgcc -lnosys -Wl,--end-group" />
				</Linker>
				<ExtraCommands>
					<Add after="arm-none-eabi-size $(TARGET_OUTPUT_FILE)" />
					<Add after="arm-none-eabi-objcopy  -O binary $(TARGET_OUTPUT_FILE) $(TARGET_OUTPUT_DIR)$(TARGET_OUTPUT_BASENAME).bin" />
				</ExtraCommands>
			</Target>
			<Target title="blink1-f103xb">
				<Option output="_build/${TARGET_NAME}/${TARGET_NAME}" prefix_auto="1" extension_auto="1" />
				<Option working_dir="" />
				<Option object_output="_build/${TARGET_NAME}" />
				<Option type="5" />
				<Option compiler="gnu_gcc_compiler_for_arm_5" />
				<Compiler>
					<Add option="-mcpu=cortex-m3" />
					<Add option="-msoft-float" />
					<Add option="-mfix-cortex-m3-ldrd" />
					<Add option="-DSTM32F103xB" />
					<Add option="-DHSE_VALUE=8000000U" />
					<Add directory="system/CMSIS/STM32F1xx/Include" />
					<Add directory="system/HALMX/STM32F1xx_HAL_Driver/Inc" />
				</Compiler>
				<Linker>
					<Add option="-mcpu=cortex-m3" />
					<Add option="-msoft-float" />
					<Add option="-mfix-cortex-m3-ldrd" />
					<Add option="-Tstm32f103xb.ld" />
					<Add option="-Wl,--start-group  -lhal-f103xb-8m -lc -lgcc -lnosys -Wl,--end-group" />
				</Linker>
				<ExtraCommands>
					<Add after="arm-none-eabi-size $(TARGET_OUTPUT_FILE)" />
					<Add after="arm-none-eabi-objcopy  -O binary $(TARGET_OUTPUT_FILE) $(TARGET_OUTPUT_DIR)$(TARGET_OUTPUT_BASENAME).bin" />
				</ExtraCommands>
			</Target>
			<Target title="blink1-f401xe">
				<Option output="_build/${TARGET_NAME}/${TARGET_NAME}" prefix_auto="1" extension_auto="1" />
				<Option working_dir="" />
				<Option object_output="_build/${TARGET_NAME}" />
				<Option type="5" />
				<Option compiler="gnu_gcc_compiler_for_arm_5" />
				<Compiler>
					<Add option="-mcpu=cortex-m4" />
					<Add option="-mfloat-abi=hard" />
					<Add option="-mfpu=fpv4-sp-d16" />
					<Add option="-DSTM32F401xE" />
					<Add option="-DHSE_VALUE=8000000U" />
					<Add directory="system/CMSIS/STM32F4xx/Include" />
					<Add directory="system/HALMX/STM32F4xx_HAL_Driver/Inc" />
				</Compiler>
				<Linker>
					<Add option="-mcpu=cortex-m4" />
					<Add option="-mfloat-abi=hard" />
					<Add option="-mfpu=fpv4-sp-d16" />
					<Add option="-Tstm32f401xe.ld" />
					<Add option="-Wl,-whole-archive -lhal-f401xe-8m -Wl,-no-whole-archive" />
					<Add option="-lstdc++" />
					<Add option="-lsupc++" />
					<Add option="-lm" />
					<Add option="-lgcc" />
					<Add option="-lc" />
					<Add option="-lnosys" />
				</Linker>
				<ExtraCommands>
					<Add after="arm-none-eabi-size $(TARGET_OUTPUT_FILE)" />
					<Add after="arm-none-eabi-objcopy  -O binary $(TARGET_OUTPUT_FILE) $(TARGET_OUTPUT_DIR)$(TARGET_OUTPUT_BASENAME).bin" />
				</ExtraCommands>
			</Target>
			<Target title="blink1-l476xx">
				<Option output="_build/${TARGET_NAME}/${TARGET_NAME}" prefix_auto="1" extension_auto="1" />
				<Option working_dir="" />
				<Option object_output="_build/${TARGET_NAME}" />
				<Option type="5" />
				<Option compiler="gnu_gcc_compiler_for_arm_5" />
				<Compiler>
					<Add option="-mcpu=cortex-m4" />
					<Add option="-mfloat-abi=hard" />
					<Add option="-mfpu=fpv4-sp-d16" />
					<Add option="-DSTM32L476xx" />
					<Add option="-DHSE_VALUE=8000000U" />
					<Add directory="system/CMSIS/STM32L4xx/Include" />
					<Add directory="system/HALMX/STM32L4xx_HAL_Driver/Inc" />
				</Compiler>
				<Linker>
					<Add option="-mcpu=cortex-m4" />
					<Add option="-mfloat-abi=hard" />
					<Add option="-mfpu=fpv4-sp-d16" />
					<Add option="-Tstm32l476xx.ld" />
					<Add option="-Wl,--start-group  -lhal-l476xx-8m -lc -lgcc -lnosys -Wl,--end-group" />
				</Linker>
				<ExtraCommands>
					<Add after="arm-none-eabi-size $(TARGET_OUTPUT_FILE)" />
					<Add after="arm-none-eabi-objcopy  -O binary $(TARGET_OUTPUT_FILE) $(TARGET_OUTPUT_DIR)$(TARGET_OUTPUT_BASENAME).bin" />
				</ExtraCommands>
			</Target>
			<Target title="blink2-f103xb">
				<Option output="_build/${TARGET_NAME}/${TARGET_NAME}" prefix_auto="1" extension_auto="1" />
				<Option working_dir="" />
				<Option object_output="_build/${TARGET_NAME}" />
				<Option type="5" />
				<Option compiler="gnu_gcc_compiler_for_arm_5" />
				<Compiler>
					<Add option="-mcpu=cortex-m3" />
					<Add option="-mthumb" />
					<Add option="-msoft-float" />
					<Add option="-mfix-cortex-m3-ldrd" />
					<Add option="-DSTM32F103xB" />
					<Add option="-DHSE_VALUE=8000000U" />
					<Add directory="system/CMSIS/STM32F1xx/Include" />
					<Add directory="system/HALMX/STM32F1xx_HAL_Driver/Inc" />
				</Compiler>
				<Linker>
					<Add option="-mcpu=cortex-m3" />
					<Add option="-msoft-float" />
					<Add option="-mfix-cortex-m3-ldrd" />
					<Add option="-Tstm32f103xb.ld" />
					<Add option="-Wl,--start-group  -lhal-f103xb-8m -lc -lgcc -lnosys -Wl,--end-group" />
				</Linker>
				<ExtraCommands>
					<Add after="arm-none-eabi-size $(TARGET_OUTPUT_FILE)" />
					<Add after="arm-none-eabi-objcopy  -O binary $(TARGET_OUTPUT_FILE) $(TARGET_OUTPUT_DIR)$(TARGET_OUTPUT_BASENAME).bin" />
				</ExtraCommands>
			</Target>
			<Target title="blink2-f401xe">
				<Option output="_build/${TARGET_NAME}/${TARGET_NAME}" prefix_auto="1" extension_auto="1" />
				<Option working_dir="" />
				<Option object_output="_build/${TARGET_NAME}" />
				<Option type="5" />
				<Option compiler="gnu_gcc_compiler_for_arm_5" />
				<Compiler>
					<Add option="-mcpu=cortex-m4" />
					<Add option="-mfloat-abi=hard" />
					<Add option="-mfpu=fpv4-sp-d16" />
					<Add option="-DSTM32F401xE" />
					<Add option="-DHSE_VALUE=8000000U" />
					<Add directory="system/CMSIS/STM32F4xx/Include" />
					<Add directory="system/HALMX/STM32F4xx_HAL_Driver/Inc" />
				</Compiler>
				<Linker>
					<Add option="-mcpu=cortex-m4" />
					<Add option="-mfloat-abi=hard" />
					<Add option="-mfpu=fpv4-sp-d16" />
					<Add option="-Tstm32f401xe.ld" />
					<Add option="-Wl,-whole-archive -lhal-f401xe-8m -Wl,-no-whole-archive" />
					<Add option="-lstdc++" />
					<Add option="-lsupc++" />
					<Add option="-lm" />
					<Add option="-lgcc" />
					<Add option="-lc" />
					<Add option="-lnosys" />
				</Linker>
				<ExtraCommands>
					<Add after="arm-none-eabi-size $(TARGET_OUTPUT_FILE)" />
					<Add after="arm-none-eabi-objcopy  -O binary $(TARGET_OUTPUT_FILE) $(TARGET_OUTPUT_DIR)$(TARGET_OUTPUT_BASENAME).bin" />
				</ExtraCommands>
			</Target>
			<Target title="blink2-l476xx">
				<Option output="_build/${TARGET_NAME}/${TARGET_NAME}" prefix_auto="1" extension_auto="1" />
				<Option working_dir="" />
				<Option object_output="_build/${TARGET_NAME}" />
				<Option external_deps="../system/lib/libhal-f103xb.a;" />
				<Option type="5" />
				<Option compiler="gnu_gcc_compiler_for_arm_5" />
				<Compiler>
					<Add option="-mcpu=cortex-m4" />
					<Add option="-mfloat-abi=hard" />
					<Add option="-mfpu=fpv4-sp-d16" />
					<Add option="-DSTM32L476xx" />
					<Add option="-DHSE_VALUE=8000000U" />
					<Add directory="system/CMSIS/STM32L4xx/Include" />
					<Add directory="system/HALMX/STM32L4xx_HAL_Driver/Inc" />
				</Compiler>
				<Linker>
					<Add option="-mcpu=cortex-m4" />
					<Add option="-mfloat-abi=hard" />
					<Add option="-mfpu=fpv4-sp-d16" />
					<Add option="-Tstm32l476xx.ld" />
					<Add option="-Wl,--start-group  -lhal-l476xx-8m -lc -lgcc -lnosys -Wl,--end-group" />
				</Linker>
				<ExtraCommands>
					<Add after="arm-none-eabi-size $(TARGET_OUTPUT_FILE)" />
					<Add after="arm-none-eabi-objcopy  -O binary $(TARGET_OUTPUT_FILE) $(TARGET_OUTPUT_DIR)$(TARGET_OUTPUT_BASENAME).bin" />
				</ExtraCommands>
			</Target>
			<Target title="blink3-f103xb">
				<Option output="_build/${TARGET_NAME}/${TARGET_NAME}" prefix_auto="1" extension_auto="1" />
				<Option working_dir="" />
				<Option object_output="_build/${TARGET_NAME}" />
				<Option type="5" />
				<Option compiler="gnu_gcc_compiler_for_arm_5" />
				<Compiler>
					<Add option="-mcpu=cortex-m3" />
					<Add option="-msoft-float" />
					<Add option="-mfix-cortex-m3-ldrd" />
					<Add option="-DSTM32F103xB" />
					<Add option="-DHSE_VALUE=8000000U" />
					<Add directory="system/CMSIS/STM32F1xx/Include" />
					<Add directory="system/HALMX/STM32F1xx_HAL_Driver/Inc" />
				</Compiler>
				<Linker>
					<Add option="-mcpu=cortex-m3" />
					<Add option="-msoft-float" />
					<Add option="-mfix-cortex-m3-ldrd" />
					<Add option="-Tstm32f103xb.ld" />
					<Add option="-Wl,--start-group  -lhal-f103xb-8m -lc -lgcc -lnosys -Wl,--end-group" />
				</Linker>
				<ExtraCommands>
					<Add after="arm-none-eabi-size $(TARGET_OUTPUT_FILE)" />
					<Add after="arm-none-eabi-objcopy  -O binary $(TARGET_OUTPUT_FILE) $(TARGET_OUTPUT_DIR)$(TARGET_OUTPUT_BASENAME).bin" />
				</ExtraCommands>
			</Target>
			<Target title="blink3-f401xe">
				<Option output="_build/${TARGET_NAME}/${TARGET_NAME}" prefix_auto="1" extension_auto="1" />
				<Option working_dir="" />
				<Option object_output="_build/${TARGET_NAME}" />
				<Option type="5" />
				<Option compiler="gnu_gcc_compiler_for_arm_5" />
				<Compiler>
					<Add option="-mcpu=cortex-m4" />
					<Add option="-mfloat-abi=hard" />
					<Add option="-mfpu=fpv4-sp-d16" />
					<Add option="-DSTM32F401xE" />
					<Add option="-DHSE_VALUE=8000000U" />
					<Add directory="system/CMSIS/STM32F4xx/Include" />
					<Add directory="system/HALMX/STM32F4xx_HAL_Driver/Inc" />
				</Compiler>
				<Linker>
					<Add option="-mcpu=cortex-m4" />
					<Add option="-mfloat-abi=hard" />
					<Add option="-mfpu=fpv4-sp-d16" />
					<Add option="-Tstm32f401xe.ld" />
					<Add option="-Wl,-whole-archive -lhal-f401xe-8m -Wl,-no-whole-archive" />
					<Add option="-lstdc++" />
					<Add option="-lsupc++" />
					<Add option="-lm" />
					<Add option="-lgcc" />
					<Add option="-lc" />
					<Add option="-lnosys" />
				</Linker>
				<ExtraCommands>
					<Add after="arm-none-eabi-size $(TARGET_OUTPUT_FILE)" />
					<Add after="arm-none-eabi-objcopy  -O binary $(TARGET_OUTPUT_FILE) $(TARGET_OUTPUT_DIR)$(TARGET_OUTPUT_BASENAME).bin" />
				</ExtraCommands>
			</Target>
			<Target title="blink3-l476xx">
				<Option output="_build/${TARGET_NAME}/${TARGET_NAME}" prefix_auto="1" extension_auto="1" />
				<Option working_dir="" />
				<Option object_output="_build/${TARGET_NAME}" />
				<Option external_deps="../system/lib/libhal-f103xb.a;" />
				<Option type="5" />
				<Option compiler="gnu_gcc_compiler_for_arm_5" />
				<Compiler>
					<Add option="-mcpu=cortex-m4" />
					<Add option="-mfloat-abi=hard" />
					<Add option="-mfpu=fpv4-sp-d16" />
					<Add option="-DSTM32L476xx" />
					<Add option="-DHSE_VALUE=8000000U" />
					<Add directory="system/CMSIS/STM32L4xx/Include" />
					<Add directory="system/HALMX/STM32L4xx_HAL_Driver/Inc" />
				</Compiler>
				<Linker>
					<Add option="-mcpu=cortex-m4" />
					<Add option="-mfloat-abi=hard" />
					<Add option="-mfpu=fpv4-sp-d16" />
					<Add option="-Tstm32l476xx.ld" />
					<Add option="-Wl,--start-group  -lhal-l476xx-8m -lc -lgcc -lnosys -Wl,--end-group" />
				</Linker>
				<ExtraCommands>
					<Add after="arm-none-eabi-size $(TARGET_OUTPUT_FILE)" />
					<Add after="arm-none-eabi-objcopy  -O binary $(TARGET_OUTPUT_FILE) $(TARGET_OUTPUT_DIR)$(TARGET_OUTPUT_BASENAME).bin" />
				</ExtraCommands>
			</Target>
			<Target title="blink4-f103xb">
				<Option output="_build/${TARGET_NAME}/${TARGET_NAME}" prefix_auto="1" extension_auto="1" />
				<Option working_dir="" />
				<Option object_output="_build/${TARGET_NAME}" />
				<Option type="5" />
				<Option compiler="gnu_gcc_compiler_for_arm_5" />
				<Compiler>
					<Add option="-mcpu=cortex-m3" />
					<Add option="-msoft-float" />
					<Add option="-mfix-cortex-m3-ldrd" />
					<Add option="-DSTM32F103xB" />
					<Add option="-DHSE_VALUE=8000000U" />
					<Add directory="system/CMSIS/STM32F1xx/Include" />
					<Add directory="system/HALMX/STM32F1xx_HAL_Driver/Inc" />
				</Compiler>
				<Linker>
					<Add option="-mcpu=cortex-m3" />
					<Add option="-msoft-float" />
					<Add option="-mfix-cortex-m3-ldrd" />
					<Add option="-Tstm32f103xb.ld" />
					<Add option="-Wl,--start-group  -lhal-f103xb-8m -lc -lgcc -lnosys -Wl,--end-group" />
				</Linker>
				<ExtraCommands>
					<Add after="arm-none-eabi-size $(TARGET_OUTPUT_FILE)" />
					<Add after="arm-none-eabi-objcopy  -O binary $(TARGET_OUTPUT_FILE) $(TARGET_OUTPUT_DIR)$(TARGET_OUTPUT_BASENAME).bin" />
				</ExtraCommands>
			</Target>
			<Target title="uart1-f401xe">
				<Option output="_build/${TARGET_NAME}/${TARGET_NAME}" prefix_auto="1" extension_auto="1" />
				<Option working_dir="" />
				<Option object_output="_build/${TARGET_NAME}" />
				<Option type="5" />
				<Option compiler="gnu_gcc_compiler_for_arm_5" />
				<Compiler>
					<Add option="-mcpu=cortex-m4" />
					<Add option="-mfloat-abi=hard" />
					<Add option="-mfpu=fpv4-sp-d16" />
					<Add option="-DSTM32F401xE" />
					<Add option="-DHSE_VALUE=8000000U" />
					<Add directory="system/CMSIS/STM32F4xx/Include" />
					<Add directory="system/HALMX/STM32F4xx_HAL_Driver/Inc" />
				</Compiler>
				<Linker>
					<Add option="-mcpu=cortex-m4" />
					<Add option="-mfloat-abi=hard" />
					<Add option="-mfpu=fpv4-sp-d16" />
					<Add option="-Tstm32f401xe.ld" />
					<Add option="-Wl,-whole-archive -lhal-f401xe-8m -Wl,-no-whole-archive" />
					<Add option="-lstdc++" />
					<Add option="-lsupc++" />
					<Add option="-lm" />
					<Add option="-lgcc" />
					<Add option="-lc" />
					<Add option="-lnosys" />
				</Linker>
				<ExtraCommands>
					<Add after="arm-none-eabi-size $(TARGET_OUTPUT_FILE)" />
					<Add after="arm-none-eabi-objcopy  -O binary $(TARGET_OUTPUT_FILE) $(TARGET_OUTPUT_DIR)$(TARGET_OUTPUT_BASENAME).bin" />
				</ExtraCommands>
			</Target>
			<Target title="mbed1-ex1-f401xe">
				<Option output="_build/${TARGET_NAME}/${TARGET_NAME}" prefix_auto="1" extension_auto="1" />
				<Option working_dir="" />
				<Option object_output="_build/${TARGET_NAME}" />
				<Option type="5" />
				<Option compiler="gnu_gcc_compiler_for_arm_5" />
				<Compiler>
					<Add option="-mcpu=cortex-m4" />
					<Add option="-mfloat-abi=hard" />
					<Add option="-mfpu=fpv4-sp-d16" />
					<Add option="-DSTM32F401xE" />
					<Add option="-DHSE_VALUE=8000000U" />
					<Add directory="system/CMSIS/STM32F4xx/Include" />
					<Add directory="system/HALMX/STM32F4xx_HAL_Driver/Inc" />
					<Add directory="tests/mbed1/api" />
					<Add directory="tests/mbed1/hal" />
					<Add directory="tests/mbed1/stm32" />
					<Add directory="tests/mbed1/variants" />
				</Compiler>
				<Linker>
					<Add option="-mcpu=cortex-m4" />
					<Add option="-mfloat-abi=hard" />
					<Add option="-mfpu=fpv4-sp-d16" />
					<Add option="-Tstm32f401xe.ld" />
					<Add option="-Wl,-whole-archive -lhal-f401xe-8m -Wl,-no-whole-archive" />
					<Add option="-lstdc++" />
					<Add option="-lsupc++" />
					<Add option="-lm" />
					<Add option="-lgcc" />
					<Add option="-lc" />
					<Add option="-lnosys" />
				</Linker>
				<ExtraCommands>
					<Add after="arm-none-eabi-size $(TARGET_OUTPUT_FILE)" />
					<Add after="arm-none-eabi-objcopy  -O binary $(TARGET_OUTPUT_FILE) $(TARGET_OUTPUT_DIR)$(TARGET_OUTPUT_BASENAME).bin" />
				</ExtraCommands>
			</Target>
			<Target title="mbed1-ex2-f401xe">
				<Option output="_build/${TARGET_NAME}/${TARGET_NAME}" prefix_auto="1" extension_auto="1" />
				<Option working_dir="" />
				<Option object_output="_build/${TARGET_NAME}" />
				<Option type="5" />
				<Option compiler="gnu_gcc_compiler_for_arm_5" />
				<Compiler>
					<Add option="-mcpu=cortex-m4" />
					<Add option="-mfloat-abi=hard" />
					<Add option="-mfpu=fpv4-sp-d16" />
					<Add option="-DSTM32F401xE" />
					<Add option="-DHSE_VALUE=8000000U" />
					<Add directory="system/CMSIS/STM32F4xx/Include" />
					<Add directory="system/HALMX/STM32F4xx_HAL_Driver/Inc" />
					<Add directory="tests/mbed1/api" />
					<Add directory="tests/mbed1/hal" />
					<Add directory="tests/mbed1/stm32" />
					<Add directory="tests/mbed1/variants" />
				</Compiler>
				<Linker>
					<Add option="-mcpu=cortex-m4" />
					<Add option="-mfloat-abi=hard" />
					<Add option="-mfpu=fpv4-sp-d16" />
					<Add option="-Tstm32f401xe.ld" />
					<Add option="-Wl,-whole-archive -lhal-f401xe-8m -Wl,-no-whole-archive" />
					<Add option="-lstdc++" />
					<Add option="-lsupc++" />
					<Add option="-lm" />
					<Add option="-lgcc" />
					<Add option="-lc" />
					<Add option="-lnosys" />
				</Linker>
				<ExtraCommands>
					<Add after="arm-none-eabi-size $(TARGET_OUTPUT_FILE)" />
					<Add after="arm-none-eabi-objcopy  -O binary $(TARGET_OUTPUT_FILE) $(TARGET_OUTPUT_DIR)$(TARGET_OUTPUT_BASENAME).bin" />
				</ExtraCommands>
			</Target>
		</Build>
		<VirtualTargets>
			<Add alias="ALL" targets="blank-f103xb;blank-f401xe;blank-l476xx;blink1-f103xb;blink1-f401xe;blink1-l476xx;blink2-f103xb;blink2-f401xe;blink2-l476xx;blink3-f103xb;blink3-f401xe;blink3-l476xx;blink4-f103xb;uart1-f401xe;mbed1-ex1-f401xe;mbed1-ex2-f401xe;" />
		</VirtualTargets>
		<Compiler>
			<Add option="-mthumb" />
			<Add option="-Wshadow" />
			<Add option="-Wredundant-decls" />
			<Add option="-Wundef" />
			<Add option="-Wextra" />
			<Add option="-Wall" />
			<Add option="-Og" />
			<Add option="-ggdb" />
			<Add option="-std=gnu11" />
			<Add option="-nostdlib" />
			<Add option="-fno-common" />
			<Add option="-ffunction-sections" />
			<Add option="-fdata-sections" />
			<Add option="-fno-rtti" />
			<Add option="-fno-exceptions" />
			<Add option="-pipe" />
			<Add option="-DUSE_HAL_DRIVER" />
			<Add directory="system/CMSIS/Include" />
			<Add directory="system/include" />
		</Compiler>
		<Linker>
			<Add option="-Wl,-Map=$(TARGET_OUTPUT_DIR)$(TARGET_OUTPUT_BASENAME).map,--cref" />
			<Add option="-Wl,--gc-sections" />
			<Add option="-mthumb" />
			<Add option="-nostartfiles" />
			<Add option="--specs=nano.specs" />
			<Add option="-Wl,--no-check-sections" />
			<Add option="-Wl,-static" />
			<Add directory="system/lib" />
			<Add directory="system/ld" />
		</Linker>
		<Unit filename="tests/blank/main.cpp">
			<Option target="blank-f401xe" />
			<Option target="blank-f103xb" />
			<Option target="blank-l476xx" />
		</Unit>
		<Unit filename="tests/blink1/main.cpp">
			<Option target="blink1-f103xb" />
			<Option target="blink1-f401xe" />
			<Option target="blink1-l476xx" />
		</Unit>
		<Unit filename="tests/blink2/main.cpp">
			<Option target="blink2-f103xb" />
			<Option target="blink2-f401xe" />
			<Option target="blink2-l476xx" />
		</Unit>
		<Unit filename="tests/blink3/main.cpp">
			<Option target="blink3-f103xb" />
			<Option target="blink3-f401xe" />
			<Option target="blink3-l476xx" />
		</Unit>
		<Unit filename="tests/blink4/main.cpp">
			<Option target="blink4-f103xb" />
		</Unit>
		<Unit filename="tests/mbed1/api/critical.h">
			<Option target="mbed1-ex1-f401xe" />
			<Option target="mbed1-ex2-f401xe" />
		</Unit>
		<Unit filename="tests/mbed1/api/mbed.h">
			<Option target="mbed1-ex1-f401xe" />
			<Option target="mbed1-ex2-f401xe" />
		</Unit>
		<Unit filename="tests/mbed1/api/mbed_assert.h">
			<Option target="mbed1-ex1-f401xe" />
			<Option target="mbed1-ex2-f401xe" />
		</Unit>
		<Unit filename="tests/mbed1/api/mbed_error.h">
			<Option target="mbed1-ex1-f401xe" />
			<Option target="mbed1-ex2-f401xe" />
		</Unit>
		<Unit filename="tests/mbed1/api/mbed_interface.h">
			<Option target="mbed1-ex1-f401xe" />
			<Option target="mbed1-ex2-f401xe" />
		</Unit>
		<Unit filename="tests/mbed1/api/platform.h">
			<Option target="mbed1-ex1-f401xe" />
			<Option target="mbed1-ex2-f401xe" />
		</Unit>
		<Unit filename="tests/mbed1/api/toolchain.h">
			<Option target="mbed1-ex1-f401xe" />
			<Option target="mbed1-ex2-f401xe" />
		</Unit>
		<Unit filename="tests/mbed1/common/gpio.c">
			<Option compilerVar="CC" />
			<Option target="mbed1-ex1-f401xe" />
			<Option target="mbed1-ex2-f401xe" />
		</Unit>
		<Unit filename="tests/mbed1/common/pinmap_common.c">
			<Option compilerVar="CC" />
			<Option target="mbed1-ex1-f401xe" />
			<Option target="mbed1-ex2-f401xe" />
		</Unit>
		<Unit filename="tests/mbed1/hal/buffer.h">
			<Option target="mbed1-ex1-f401xe" />
			<Option target="mbed1-ex2-f401xe" />
		</Unit>
		<Unit filename="tests/mbed1/hal/dma_api.h">
			<Option target="mbed1-ex1-f401xe" />
			<Option target="mbed1-ex2-f401xe" />
		</Unit>
		<Unit filename="tests/mbed1/hal/gpio_api.h">
			<Option target="mbed1-ex1-f401xe" />
			<Option target="mbed1-ex2-f401xe" />
		</Unit>
		<Unit filename="tests/mbed1/hal/pinmap.h">
			<Option target="mbed1-ex1-f401xe" />
			<Option target="mbed1-ex2-f401xe" />
		</Unit>
		<Unit filename="tests/mbed1/hal/serial_api.h">
			<Option target="mbed1-ex1-f401xe" />
			<Option target="mbed1-ex2-f401xe" />
		</Unit>
		<Unit filename="tests/mbed1/mbed1-ex1.cpp">
			<Option target="mbed1-ex1-f401xe" />
		</Unit>
		<Unit filename="tests/mbed1/mbed1-ex2.cpp">
			<Option target="mbed1-ex2-f401xe" />
		</Unit>
		<Unit filename="tests/mbed1/stm32/PeripheralPins.h">
			<Option target="mbed1-ex1-f401xe" />
			<Option target="mbed1-ex2-f401xe" />
		</Unit>
		<Unit filename="tests/mbed1/stm32/common_objects.h">
			<Option target="mbed1-ex1-f401xe" />
			<Option target="mbed1-ex2-f401xe" />
		</Unit>
		<Unit filename="tests/mbed1/stm32/gpio_api.c">
			<Option compilerVar="CC" />
			<Option target="mbed1-ex1-f401xe" />
			<Option target="mbed1-ex2-f401xe" />
		</Unit>
		<Unit filename="tests/mbed1/stm32/gpio_object.h">
			<Option target="mbed1-ex1-f401xe" />
			<Option target="mbed1-ex2-f401xe" />
		</Unit>
		<Unit filename="tests/mbed1/stm32/pinmap.c">
			<Option compilerVar="CC" />
			<Option target="mbed1-ex1-f401xe" />
			<Option target="mbed1-ex2-f401xe" />
		</Unit>
		<Unit filename="tests/mbed1/stm32/serial_api.c">
			<Option compilerVar="CC" />
			<Option target="mbed1-ex1-f401xe" />
			<Option target="mbed1-ex2-f401xe" />
		</Unit>
		<Unit filename="tests/mbed1/variants/PeripheralNames.h">
			<Option target="mbed1-ex1-f401xe" />
			<Option target="mbed1-ex2-f401xe" />
		</Unit>
		<Unit filename="tests/mbed1/variants/PeripheralPins.c">
			<Option compilerVar="CC" />
			<Option target="mbed1-ex1-f401xe" />
			<Option target="mbed1-ex2-f401xe" />
		</Unit>
		<Unit filename="tests/mbed1/variants/PinNames.h">
			<Option target="mbed1-ex1-f401xe" />
			<Option target="mbed1-ex2-f401xe" />
		</Unit>
		<Unit filename="tests/mbed1/variants/PortNames.h">
			<Option target="mbed1-ex1-f401xe" />
			<Option target="mbed1-ex2-f401xe" />
		</Unit>
		<Unit filename="tests/mbed1/variants/device.h">
			<Option target="mbed1-ex1-f401xe" />
			<Option target="mbed1-ex2-f401xe" />
		</Unit>
		<Unit filename="tests/mbed1/variants/objects.h">
			<Option target="mbed1-ex1-f401xe" />
			<Option target="mbed1-ex2-f401xe" />
		</Unit>
		<Unit filename="tests/uart1/main.cpp">
			<Option target="uart1-f401xe" />
		</Unit>
		<Extensions>
			<code_completion />
			<envvars />
			<lib_finder disable_auto="1" />
			<debugger>
				<remote_debugging>
					<options conn_type="0" serial_baud="115200" ip_address="localhost" ip_port="3333" additional_cmds="monitor reset init&#x0A;load _build/${TARGET_NAME}/${TARGET_NAME}" />
				</remote_debugging>
			</debugger>
		</Extensions>
	</Project>
</CodeBlocks_project_file>
