<?xml version="1.0" encoding="UTF-8" standalone="yes" ?>
<CodeBlocks_project_file>
	<FileVersion major="1" minor="6" />
	<Project>
		<Option title="tests" />
		<Option pch_mode="2" />
		<Option compiler="arm-elf-gcc" />
		<Build>
			<Target title="blink1-f103xb">
				<Option output="_build/${TARGET_NAME}/${TARGET_NAME}" prefix_auto="1" extension_auto="1" />
				<Option working_dir="" />
				<Option object_output="_build/${TARGET_NAME}" />
				<Option type="5" />
				<Option compiler="arm-elf-gcc" />
				<Compiler>
					<Add option="-mcpu=cortex-m3" />
					<Add option="-mthumb" />
					<Add option="-msoft-float" />
					<Add option="-mfix-cortex-m3-ldrd" />
					<Add option="-DSTM32F103xB" />
					<Add option="-DHSE_VALUE=8000000U" />
					<Add directory="system/CMSIS/STM32F1xx/Include" />
					<Add directory="system/STM32F1xx_HAL_Driver/Inc" />
				</Compiler>
				<Linker>
					<Add option="-mcpu=cortex-m3" />
					<Add option="-msoft-float" />
					<Add option="-mfix-cortex-m3-ldrd" />
					<Add option="-Tstm32f103xb.ld" />
					<Add option="-Wl,--start-group  -lhal-f103xb-8m -lc -lgcc -lnosys -Wl,--end-group" />
				</Linker>
				<ExtraCommands>
					<Add after="arm-none-eabi-size $(TARGET_OUTPUT_FILE)" />
					<Add after="arm-none-eabi-objcopy  -O binary $(TARGET_OUTPUT_FILE) $(TARGET_OUTPUT_DIR)$(TARGET_OUTPUT_BASENAME).bin" />
				</ExtraCommands>
			</Target>
			<Target title="blink2-f103xb">
				<Option output="_build/${TARGET_NAME}/${TARGET_NAME}" prefix_auto="1" extension_auto="1" />
				<Option working_dir="" />
				<Option object_output="_build/${TARGET_NAME}" />
				<Option type="5" />
				<Option compiler="arm-elf-gcc" />
				<Compiler>
					<Add option="-mcpu=cortex-m3" />
					<Add option="-mthumb" />
					<Add option="-msoft-float" />
					<Add option="-mfix-cortex-m3-ldrd" />
					<Add option="-DSTM32F103xB" />
					<Add option="-DHSE_VALUE=8000000U" />
					<Add directory="system/CMSIS/STM32F1xx/Include" />
					<Add directory="system/STM32F1xx_HAL_Driver/Inc" />
				</Compiler>
				<Linker>
					<Add option="-mcpu=cortex-m3" />
					<Add option="-msoft-float" />
					<Add option="-mfix-cortex-m3-ldrd" />
					<Add option="-Tstm32f103xb.ld" />
					<Add option="-Wl,--start-group  -lhal-f103xb-8m -lc -lgcc -lnosys -Wl,--end-group" />
				</Linker>
				<ExtraCommands>
					<Add after="arm-none-eabi-size $(TARGET_OUTPUT_FILE)" />
					<Add after="arm-none-eabi-objcopy  -O binary $(TARGET_OUTPUT_FILE) $(TARGET_OUTPUT_DIR)$(TARGET_OUTPUT_BASENAME).bin" />
				</ExtraCommands>
			</Target>
			<Target title="blink3-f103xb">
				<Option output="_build/${TARGET_NAME}/${TARGET_NAME}" prefix_auto="1" extension_auto="1" />
				<Option working_dir="" />
				<Option object_output="_build/${TARGET_NAME}" />
				<Option type="5" />
				<Option compiler="arm-elf-gcc" />
				<Compiler>
					<Add option="-mcpu=cortex-m3" />
					<Add option="-mthumb" />
					<Add option="-msoft-float" />
					<Add option="-mfix-cortex-m3-ldrd" />
					<Add option="-DSTM32F103xB" />
					<Add option="-DHSE_VALUE=8000000U" />
					<Add directory="system/CMSIS/STM32F1xx/Include" />
					<Add directory="system/STM32F1xx_HAL_Driver/Inc" />
				</Compiler>
				<Linker>
					<Add option="-mcpu=cortex-m3" />
					<Add option="-msoft-float" />
					<Add option="-mfix-cortex-m3-ldrd" />
					<Add option="-Tstm32f103xb.ld" />
					<Add option="-Wl,--start-group  -lhal-f103xb-8m -lc -lgcc -lnosys -Wl,--end-group" />
				</Linker>
				<ExtraCommands>
					<Add after="arm-none-eabi-size $(TARGET_OUTPUT_FILE)" />
					<Add after="arm-none-eabi-objcopy  -O binary $(TARGET_OUTPUT_FILE) $(TARGET_OUTPUT_DIR)$(TARGET_OUTPUT_BASENAME).bin" />
				</ExtraCommands>
			</Target>
			<Target title="blink1-f401xe">
				<Option output="_build/${TARGET_NAME}/${TARGET_NAME}" prefix_auto="1" extension_auto="1" />
				<Option working_dir="" />
				<Option object_output="_build/${TARGET_NAME}" />
				<Option type="5" />
				<Option compiler="arm-elf-gcc" />
				<Compiler>
					<Add option="-mthumb" />
					<Add option="-mcpu=cortex-m4" />
					<Add option="-mfloat-abi=hard" />
					<Add option="-mfpu=fpv4-sp-d16" />
					<Add option="-DSTM32F401xE" />
					<Add option="-DHSE_VALUE=8000000U" />
					<Add directory="system/CMSIS/STM32F4xx/Include" />
					<Add directory="system/STM32F4xx_HAL_Driver/Inc" />
				</Compiler>
				<Linker>
					<Add option="-mcpu=cortex-m4" />
					<Add option="-mfloat-abi=hard" />
					<Add option="-mfpu=fpv4-sp-d16" />
					<Add option="-Tstm32f401xe.ld" />
					<Add option="-Wl,--start-group  -lhal-f401xe-8m -lc -lgcc -lnosys -Wl,--end-group" />
				</Linker>
				<ExtraCommands>
					<Add after="arm-none-eabi-size $(TARGET_OUTPUT_FILE)" />
					<Add after="arm-none-eabi-objcopy  -O binary $(TARGET_OUTPUT_FILE) $(TARGET_OUTPUT_DIR)$(TARGET_OUTPUT_BASENAME).bin" />
				</ExtraCommands>
			</Target>
			<Target title="blink2-f401xe">
				<Option output="_build/${TARGET_NAME}/${TARGET_NAME}" prefix_auto="1" extension_auto="1" />
				<Option working_dir="" />
				<Option object_output="_build/${TARGET_NAME}" />
				<Option type="5" />
				<Option compiler="arm-elf-gcc" />
				<Compiler>
					<Add option="-mthumb" />
					<Add option="-mcpu=cortex-m4" />
					<Add option="-mfloat-abi=hard" />
					<Add option="-mfpu=fpv4-sp-d16" />
					<Add option="-DSTM32F401xE" />
					<Add option="-DHSE_VALUE=8000000U" />
					<Add directory="system/CMSIS/STM32F4xx/Include" />
					<Add directory="system/STM32F4xx_HAL_Driver/Inc" />
				</Compiler>
				<Linker>
					<Add option="-mcpu=cortex-m4" />
					<Add option="-mfloat-abi=hard" />
					<Add option="-mfpu=fpv4-sp-d16" />
					<Add option="-Tstm32f401xe.ld" />
					<Add option="-Wl,--start-group  -lhal-f401xe-8m -lc -lgcc -lnosys -Wl,--end-group" />
				</Linker>
				<ExtraCommands>
					<Add after="arm-none-eabi-size $(TARGET_OUTPUT_FILE)" />
					<Add after="arm-none-eabi-objcopy  -O binary $(TARGET_OUTPUT_FILE) $(TARGET_OUTPUT_DIR)$(TARGET_OUTPUT_BASENAME).bin" />
				</ExtraCommands>
			</Target>
			<Target title="blink3-f401xe">
				<Option output="_build/${TARGET_NAME}/${TARGET_NAME}" prefix_auto="1" extension_auto="1" />
				<Option working_dir="" />
				<Option object_output="_build/${TARGET_NAME}" />
				<Option type="5" />
				<Option compiler="arm-elf-gcc" />
				<Compiler>
					<Add option="-mthumb" />
					<Add option="-mcpu=cortex-m4" />
					<Add option="-mfloat-abi=hard" />
					<Add option="-mfpu=fpv4-sp-d16" />
					<Add option="-DSTM32F401xE" />
					<Add option="-DHSE_VALUE=8000000U" />
					<Add directory="system/CMSIS/STM32F4xx/Include" />
					<Add directory="system/STM32F4xx_HAL_Driver/Inc" />
				</Compiler>
				<Linker>
					<Add option="-mcpu=cortex-m4" />
					<Add option="-mfloat-abi=hard" />
					<Add option="-mfpu=fpv4-sp-d16" />
					<Add option="-Tstm32f401xe.ld" />
					<Add option="-Wl,--start-group  -lhal-f401xe-8m -lc -lgcc -lnosys -Wl,--end-group" />
				</Linker>
				<ExtraCommands>
					<Add after="arm-none-eabi-size $(TARGET_OUTPUT_FILE)" />
					<Add after="arm-none-eabi-objcopy  -O binary $(TARGET_OUTPUT_FILE) $(TARGET_OUTPUT_DIR)$(TARGET_OUTPUT_BASENAME).bin" />
				</ExtraCommands>
			</Target>
			<Target title="blink1-l476xx">
				<Option output="_build/${TARGET_NAME}/${TARGET_NAME}" prefix_auto="1" extension_auto="1" />
				<Option working_dir="" />
				<Option object_output="_build/${TARGET_NAME}" />
				<Option external_deps="../system/lib/libhal-f103xb.a;" />
				<Option type="5" />
				<Option compiler="arm-elf-gcc" />
				<Compiler>
					<Add option="-mthumb" />
					<Add option="-mcpu=cortex-m4" />
					<Add option="-mfloat-abi=hard" />
					<Add option="-mfpu=fpv4-sp-d16" />
					<Add option="-DSTM32L476xx" />
					<Add option="-DHSE_VALUE=8000000U" />
					<Add directory="system/CMSIS/STM32L4xx/Include" />
					<Add directory="system/STM32L4xx_HAL_Driver/Inc" />
				</Compiler>
				<Linker>
					<Add option="-mcpu=cortex-m4" />
					<Add option="-mfloat-abi=hard" />
					<Add option="-mfpu=fpv4-sp-d16" />
					<Add option="-Tstm32l476xx.ld" />
					<Add option="-Wl,--start-group  -lhal-l476xx-8m -lc -lgcc -lnosys -Wl,--end-group" />
				</Linker>
				<ExtraCommands>
					<Add after="arm-none-eabi-size $(TARGET_OUTPUT_FILE)" />
					<Add after="arm-none-eabi-objcopy  -O binary $(TARGET_OUTPUT_FILE) $(TARGET_OUTPUT_DIR)$(TARGET_OUTPUT_BASENAME).bin" />
				</ExtraCommands>
			</Target>
			<Target title="blink2-l476xx">
				<Option output="_build/${TARGET_NAME}/${TARGET_NAME}" prefix_auto="1" extension_auto="1" />
				<Option working_dir="" />
				<Option object_output="_build/${TARGET_NAME}" />
				<Option external_deps="../system/lib/libhal-f103xb.a;" />
				<Option type="5" />
				<Option compiler="arm-elf-gcc" />
				<Compiler>
					<Add option="-mthumb" />
					<Add option="-mcpu=cortex-m4" />
					<Add option="-mfloat-abi=hard" />
					<Add option="-mfpu=fpv4-sp-d16" />
					<Add option="-DSTM32L476xx" />
					<Add option="-DHSE_VALUE=8000000U" />
					<Add directory="system/CMSIS/STM32L4xx/Include" />
					<Add directory="system/STM32L4xx_HAL_Driver/Inc" />
				</Compiler>
				<Linker>
					<Add option="-mcpu=cortex-m4" />
					<Add option="-mfloat-abi=hard" />
					<Add option="-mfpu=fpv4-sp-d16" />
					<Add option="-Tstm32l476xx.ld" />
					<Add option="-Wl,--start-group  -lhal-l476xx-8m -lc -lgcc -lnosys -Wl,--end-group" />
				</Linker>
				<ExtraCommands>
					<Add after="arm-none-eabi-size $(TARGET_OUTPUT_FILE)" />
					<Add after="arm-none-eabi-objcopy  -O binary $(TARGET_OUTPUT_FILE) $(TARGET_OUTPUT_DIR)$(TARGET_OUTPUT_BASENAME).bin" />
				</ExtraCommands>
			</Target>
			<Target title="blink3-l476xx">
				<Option output="_build/${TARGET_NAME}/${TARGET_NAME}" prefix_auto="1" extension_auto="1" />
				<Option working_dir="" />
				<Option object_output="_build/${TARGET_NAME}" />
				<Option external_deps="../system/lib/libhal-f103xb.a;" />
				<Option type="5" />
				<Option compiler="arm-elf-gcc" />
				<Compiler>
					<Add option="-mthumb" />
					<Add option="-mcpu=cortex-m4" />
					<Add option="-mfloat-abi=hard" />
					<Add option="-mfpu=fpv4-sp-d16" />
					<Add option="-DSTM32L476xx" />
					<Add option="-DHSE_VALUE=8000000U" />
					<Add directory="system/CMSIS/STM32L4xx/Include" />
					<Add directory="system/STM32L4xx_HAL_Driver/Inc" />
				</Compiler>
				<Linker>
					<Add option="-mcpu=cortex-m4" />
					<Add option="-mfloat-abi=hard" />
					<Add option="-mfpu=fpv4-sp-d16" />
					<Add option="-Tstm32l476xx.ld" />
					<Add option="-Wl,--start-group  -lhal-l476xx-8m -lc -lgcc -lnosys -Wl,--end-group" />
				</Linker>
				<ExtraCommands>
					<Add after="arm-none-eabi-size $(TARGET_OUTPUT_FILE)" />
					<Add after="arm-none-eabi-objcopy  -O binary $(TARGET_OUTPUT_FILE) $(TARGET_OUTPUT_DIR)$(TARGET_OUTPUT_BASENAME).bin" />
				</ExtraCommands>
			</Target>
			<Target title="blink4-f103xb">
				<Option output="_build/${TARGET_NAME}/${TARGET_NAME}" prefix_auto="1" extension_auto="1" />
				<Option working_dir="" />
				<Option object_output="_build/${TARGET_NAME}" />
				<Option type="5" />
				<Option compiler="arm-elf-gcc" />
				<Compiler>
					<Add option="-mcpu=cortex-m3" />
					<Add option="-mthumb" />
					<Add option="-msoft-float" />
					<Add option="-mfix-cortex-m3-ldrd" />
					<Add option="-DSTM32F103xB" />
					<Add option="-DHSE_VALUE=8000000U" />
					<Add directory="system/CMSIS/STM32F1xx/Include" />
					<Add directory="system/STM32F1xx_HAL_Driver/Inc" />
				</Compiler>
				<Linker>
					<Add option="-mcpu=cortex-m3" />
					<Add option="-msoft-float" />
					<Add option="-mfix-cortex-m3-ldrd" />
					<Add option="-Tstm32f103xb.ld" />
					<Add option="-Wl,--start-group  -lhal-f103xb-8m -lc -lgcc -lnosys -Wl,--end-group" />
				</Linker>
				<ExtraCommands>
					<Add after="arm-none-eabi-size $(TARGET_OUTPUT_FILE)" />
					<Add after="arm-none-eabi-objcopy  -O binary $(TARGET_OUTPUT_FILE) $(TARGET_OUTPUT_DIR)$(TARGET_OUTPUT_BASENAME).bin" />
				</ExtraCommands>
			</Target>
			<Target title="uart1-f401xe">
				<Option output="_build/${TARGET_NAME}/${TARGET_NAME}" prefix_auto="1" extension_auto="1" />
				<Option working_dir="" />
				<Option object_output="_build/${TARGET_NAME}" />
				<Option type="5" />
				<Option compiler="arm-elf-gcc" />
				<Compiler>
					<Add option="-mthumb" />
					<Add option="-mcpu=cortex-m4" />
					<Add option="-mfloat-abi=hard" />
					<Add option="-mfpu=fpv4-sp-d16" />
					<Add option="-DSTM32F401xE" />
					<Add option="-DHSE_VALUE=8000000U" />
					<Add directory="system/CMSIS/STM32F4xx/Include" />
					<Add directory="system/STM32F4xx_HAL_Driver/Inc" />
				</Compiler>
				<Linker>
					<Add option="-mcpu=cortex-m4" />
					<Add option="-mfloat-abi=hard" />
					<Add option="-mfpu=fpv4-sp-d16" />
					<Add option="-Tstm32f401xe.ld" />
					<Add option="-Wl,--start-group  -lhal-f401xe-8m -lc -lgcc -lnosys -Wl,--end-group" />
				</Linker>
				<ExtraCommands>
					<Add after="arm-none-eabi-size $(TARGET_OUTPUT_FILE)" />
					<Add after="arm-none-eabi-objcopy  -O binary $(TARGET_OUTPUT_FILE) $(TARGET_OUTPUT_DIR)$(TARGET_OUTPUT_BASENAME).bin" />
				</ExtraCommands>
			</Target>
			<Target title="blank-f401xe">
				<Option output="_build/${TARGET_NAME}/${TARGET_NAME}" prefix_auto="1" extension_auto="1" />
				<Option working_dir="" />
				<Option object_output="_build/${TARGET_NAME}" />
				<Option type="5" />
				<Option compiler="arm-elf-gcc" />
				<Compiler>
					<Add option="-mthumb" />
					<Add option="-mcpu=cortex-m4" />
					<Add option="-mfloat-abi=hard" />
					<Add option="-mfpu=fpv4-sp-d16" />
					<Add option="-DSTM32F401xE" />
					<Add option="-DHSE_VALUE=8000000U" />
					<Add directory="system/CMSIS/STM32F4xx/Include" />
					<Add directory="system/STM32F4xx_HAL_Driver/Inc" />
				</Compiler>
				<Linker>
					<Add option="-mcpu=cortex-m4" />
					<Add option="-mfloat-abi=hard" />
					<Add option="-mfpu=fpv4-sp-d16" />
					<Add option="-Tstm32f401xe.ld" />
					<Add option="-Wl,--start-group  -lhal-f401xe-8m -lc -lgcc -lnosys -Wl,--end-group" />
				</Linker>
				<ExtraCommands>
					<Add after="arm-none-eabi-size $(TARGET_OUTPUT_FILE)" />
					<Add after="arm-none-eabi-objcopy  -O binary $(TARGET_OUTPUT_FILE) $(TARGET_OUTPUT_DIR)$(TARGET_OUTPUT_BASENAME).bin" />
				</ExtraCommands>
			</Target>
		</Build>
		<VirtualTargets>
			<Add alias="ALL" targets="blink1-f103xb;blink2-f103xb;blink3-f103xb;blink1-f401xe;blink2-f401xe;blink3-f401xe;blink1-l476xx;blink2-l476xx;blink3-l476xx;" />
		</VirtualTargets>
		<Compiler>
			<Add option="-O0" />
			<Add option="-Wshadow" />
			<Add option="-Wredundant-decls" />
			<Add option="-Wundef" />
			<Add option="-Wextra" />
			<Add option="-Wall" />
			<Add option="-g3" />
			<Add option="-std=gnu11" />
			<Add option="-nostdlib" />
			<Add option="-fno-common" />
			<Add option="-ffunction-sections" />
			<Add option="-fdata-sections" />
			<Add option="-fno-rtti" />
			<Add option="-fno-exceptions" />
			<Add option="-pipe" />
			<Add option="-DUSE_HAL_DRIVER" />
			<Add directory="system/CMSIS/Include" />
			<Add directory="system/libstm32" />
		</Compiler>
		<Linker>
			<Add option="-Wl,-Map=$(TARGET_OUTPUT_DIR)$(TARGET_OUTPUT_BASENAME).map,--cref" />
			<Add option="-Wl,--gc-sections" />
			<Add option="-mthumb" />
			<Add option="-nostdlib" />
			<Add option="--specs=nano.specs" />
			<Add option="-Wl,--no-check-sections" />
			<Add option="-Wl,-static" />
			<Add directory="system/link" />
		</Linker>
		<Unit filename="tests/blank/main.cpp">
			<Option target="blank-f401xe" />
		</Unit>
		<Unit filename="tests/blink1/main.cpp">
			<Option target="blink1-f103xb" />
			<Option target="blink1-f401xe" />
			<Option target="blink1-l476xx" />
		</Unit>
		<Unit filename="tests/blink2/main.cpp">
			<Option target="blink2-f103xb" />
			<Option target="blink2-f401xe" />
			<Option target="blink2-l476xx" />
		</Unit>
		<Unit filename="tests/blink3/main.cpp">
			<Option target="blink3-f103xb" />
			<Option target="blink3-f401xe" />
			<Option target="blink3-l476xx" />
		</Unit>
		<Unit filename="tests/blink4/main.cpp">
			<Option target="blink4-f103xb" />
		</Unit>
		<Unit filename="tests/uart1/main.cpp">
			<Option target="uart1-f401xe" />
		</Unit>
		<Extensions>
			<code_completion />
			<envvars />
			<lib_finder disable_auto="1" />
			<debugger>
				<remote_debugging>
					<options conn_type="0" serial_baud="115200" ip_address="localhost" ip_port="3333" additional_cmds="monitor reset init&#x0A;load _build/${TARGET_NAME}/${TARGET_NAME}" />
				</remote_debugging>
			</debugger>
		</Extensions>
	</Project>
</CodeBlocks_project_file>
